// !$*UTF8*$!
{
	archiveVersion = 1;
	classes = {
	};
	objectVersion = 55;
	objects = {

/* Begin PBXBuildFile section */
		240410B426DF8B3400851A2A /* InitialDataService.swift in Sources */ = {isa = PBXBuildFile; fileRef = 240410B326DF8B3400851A2A /* InitialDataService.swift */; };
		241D8FB726BC1EDE00CBB381 /* ActionList.swift in Sources */ = {isa = PBXBuildFile; fileRef = 241D8FB626BC1EDE00CBB381 /* ActionList.swift */; };
		241D8FB926BC1F2200CBB381 /* Action+.swift in Sources */ = {isa = PBXBuildFile; fileRef = 241D8FB826BC1F2200CBB381 /* Action+.swift */; };
		241D8FC026BC7BDC00CBB381 /* SelectActionView.swift in Sources */ = {isa = PBXBuildFile; fileRef = 241D8FBF26BC7BDC00CBB381 /* SelectActionView.swift */; };
		241D8FC226BC7E1600CBB381 /* RunJavascriptActionConfigView.swift in Sources */ = {isa = PBXBuildFile; fileRef = 241D8FC126BC7E1600CBB381 /* RunJavascriptActionConfigView.swift */; };
		242CD6E926CFB147009DDDB0 /* Constants.swift in Sources */ = {isa = PBXBuildFile; fileRef = 242CD6E826CFB147009DDDB0 /* Constants.swift */; };
		242CD6EA26CFB228009DDDB0 /* UserDefaults.swift in Sources */ = {isa = PBXBuildFile; fileRef = 245A016026B9A07700EEE8CD /* UserDefaults.swift */; };
		242CD6EB26CFB246009DDDB0 /* Constants.swift in Sources */ = {isa = PBXBuildFile; fileRef = 242CD6E826CFB147009DDDB0 /* Constants.swift */; };
		242CD6EE26CFC6E0009DDDB0 /* ExclusionListService.swift in Sources */ = {isa = PBXBuildFile; fileRef = 242CD6ED26CFC6E0009DDDB0 /* ExclusionListService.swift */; };
		242CD6F126CFD111009DDDB0 /* ExclusionListServiceTest.swift in Sources */ = {isa = PBXBuildFile; fileRef = 242CD6F026CFD111009DDDB0 /* ExclusionListServiceTest.swift */; };
		242CD6F226CFD31D009DDDB0 /* ExclusionListService.swift in Sources */ = {isa = PBXBuildFile; fileRef = 242CD6ED26CFC6E0009DDDB0 /* ExclusionListService.swift */; };
		242CD6F526CFD6C1009DDDB0 /* CoreData.xcdatamodeld in Sources */ = {isa = PBXBuildFile; fileRef = 24FAA2B626B93CAC0083FFAB /* CoreData.xcdatamodeld */; };
		24428E1726B33E7600B21130 /* SvadilfariApp.swift in Sources */ = {isa = PBXBuildFile; fileRef = 24428E1626B33E7600B21130 /* SvadilfariApp.swift */; };
		24428E1926B33E7600B21130 /* ContentView.swift in Sources */ = {isa = PBXBuildFile; fileRef = 24428E1826B33E7600B21130 /* ContentView.swift */; };
		24428E1B26B33E7700B21130 /* Assets.xcassets in Resources */ = {isa = PBXBuildFile; fileRef = 24428E1A26B33E7700B21130 /* Assets.xcassets */; };
		24428E1E26B33E7700B21130 /* Preview Assets.xcassets in Resources */ = {isa = PBXBuildFile; fileRef = 24428E1D26B33E7700B21130 /* Preview Assets.xcassets */; };
		24428E2826B33E7700B21130 /* SvadilfariTests.swift in Sources */ = {isa = PBXBuildFile; fileRef = 24428E2726B33E7700B21130 /* SvadilfariTests.swift */; };
		24428E3226B33E7700B21130 /* SvadilfariUITests.swift in Sources */ = {isa = PBXBuildFile; fileRef = 24428E3126B33E7700B21130 /* SvadilfariUITests.swift */; };
		24428E4126B33F5400B21130 /* HomeListItem.swift in Sources */ = {isa = PBXBuildFile; fileRef = 24428E4026B33F5400B21130 /* HomeListItem.swift */; };
		24428E4426B3436A00B21130 /* HomeListView.swift in Sources */ = {isa = PBXBuildFile; fileRef = 24428E4326B3436A00B21130 /* HomeListView.swift */; };
		24500EED26C6D81300F7BB7E /* NewGestureDrawerView.swift in Sources */ = {isa = PBXBuildFile; fileRef = 24500EEC26C6D81300F7BB7E /* NewGestureDrawerView.swift */; };
		24500EEF26C6D95800F7BB7E /* GridView.swift in Sources */ = {isa = PBXBuildFile; fileRef = 24500EEE26C6D95800F7BB7E /* GridView.swift */; };
		24500EF226C6E03500F7BB7E /* NativeHelper.js in Resources */ = {isa = PBXBuildFile; fileRef = 24500EF126C6E03500F7BB7E /* NativeHelper.js */; };
		245A016126B9A07700EEE8CD /* UserDefaults.swift in Sources */ = {isa = PBXBuildFile; fileRef = 245A016026B9A07700EEE8CD /* UserDefaults.swift */; };
		245A016626B9A24600EEE8CD /* NewGestureView.swift in Sources */ = {isa = PBXBuildFile; fileRef = 245A016526B9A24600EEE8CD /* NewGestureView.swift */; };
		245A016826B9A29200EEE8CD /* GestureTemplateButton.swift in Sources */ = {isa = PBXBuildFile; fileRef = 245A016726B9A29200EEE8CD /* GestureTemplateButton.swift */; };
		245A016B26B9ACD900EEE8CD /* NewGesturePresetsView.swift in Sources */ = {isa = PBXBuildFile; fileRef = 245A016A26B9ACD900EEE8CD /* NewGesturePresetsView.swift */; };
		245A016D26B9CCCA00EEE8CD /* NewGesturePatternConfirmView.swift in Sources */ = {isa = PBXBuildFile; fileRef = 245A016C26B9CCCA00EEE8CD /* NewGesturePatternConfirmView.swift */; };
		2485834C26BCC2DE00A8836E /* SheetState.swift in Sources */ = {isa = PBXBuildFile; fileRef = 2485834B26BCC2DE00A8836E /* SheetState.swift */; };
		249477BC26CCF6D800E6FCC5 /* ExclusionListView.swift in Sources */ = {isa = PBXBuildFile; fileRef = 249477BB26CCF6D800E6FCC5 /* ExclusionListView.swift */; };
		249477BE26CEB38700E6FCC5 /* PersistentHistoryTracking.swift in Sources */ = {isa = PBXBuildFile; fileRef = 249477BD26CEB38700E6FCC5 /* PersistentHistoryTracking.swift */; };
		249477C026CEB71B00E6FCC5 /* UserDefaults+transactionTimestamp.swift in Sources */ = {isa = PBXBuildFile; fileRef = 249477BF26CEB71B00E6FCC5 /* UserDefaults+transactionTimestamp.swift */; };
		249477C326CEB75200E6FCC5 /* PersistentHistoryMerger.swift in Sources */ = {isa = PBXBuildFile; fileRef = 249477C226CEB75200E6FCC5 /* PersistentHistoryMerger.swift */; };
		249477C626CEB96E00E6FCC5 /* Logger+.swift in Sources */ = {isa = PBXBuildFile; fileRef = 249477C526CEB96E00E6FCC5 /* Logger+.swift */; };
		249477C826CEBA0D00E6FCC5 /* PersistentHistoryFetcher.swift in Sources */ = {isa = PBXBuildFile; fileRef = 249477C726CEBA0D00E6FCC5 /* PersistentHistoryFetcher.swift */; };
		249477CA26CEBC4500E6FCC5 /* PersistentHistoryCleaner.swift in Sources */ = {isa = PBXBuildFile; fileRef = 249477C926CEBC4500E6FCC5 /* PersistentHistoryCleaner.swift */; };
		249477CB26CEBE9500E6FCC5 /* Logger+.swift in Sources */ = {isa = PBXBuildFile; fileRef = 249477C526CEB96E00E6FCC5 /* Logger+.swift */; };
		249477CC26CEBE9E00E6FCC5 /* PersistentHistoryTracking.swift in Sources */ = {isa = PBXBuildFile; fileRef = 249477BD26CEB38700E6FCC5 /* PersistentHistoryTracking.swift */; };
		249477CD26CEBEA300E6FCC5 /* PersistentHistoryMerger.swift in Sources */ = {isa = PBXBuildFile; fileRef = 249477C226CEB75200E6FCC5 /* PersistentHistoryMerger.swift */; };
		249477CE26CEBEA600E6FCC5 /* PersistentHistoryFetcher.swift in Sources */ = {isa = PBXBuildFile; fileRef = 249477C726CEBA0D00E6FCC5 /* PersistentHistoryFetcher.swift */; };
		249477CF26CEBEA900E6FCC5 /* PersistentHistoryCleaner.swift in Sources */ = {isa = PBXBuildFile; fileRef = 249477C926CEBC4500E6FCC5 /* PersistentHistoryCleaner.swift */; };
		249477D026CEBEBF00E6FCC5 /* UserDefaults+transactionTimestamp.swift in Sources */ = {isa = PBXBuildFile; fileRef = 249477BF26CEB71B00E6FCC5 /* UserDefaults+transactionTimestamp.swift */; };
		24A19E2C26B34F9500DA5E20 /* GestureListView.swift in Sources */ = {isa = PBXBuildFile; fileRef = 24A19E2B26B34F9500DA5E20 /* GestureListView.swift */; };
		24A22F0E26D1404200C60F53 /* NewExclusionEntryView.swift in Sources */ = {isa = PBXBuildFile; fileRef = 24A22F0D26D1404200C60F53 /* NewExclusionEntryView.swift */; };
		24A22F1126D1483800C60F53 /* EmptyPlaceholder.swift in Sources */ = {isa = PBXBuildFile; fileRef = 24A22F1026D1483800C60F53 /* EmptyPlaceholder.swift */; };
		24A22F1B26D2C2E500C60F53 /* Localizable.strings in Resources */ = {isa = PBXBuildFile; fileRef = 24A22F1A26D2C2E500C60F53 /* Localizable.strings */; };
		24A7DBCD26D7ECB000AC3675 /* TutorialStepList.swift in Sources */ = {isa = PBXBuildFile; fileRef = 24A7DBCC26D7ECB000AC3675 /* TutorialStepList.swift */; };
		24A7DBCF26D7ED7600AC3675 /* TutorialStep.swift in Sources */ = {isa = PBXBuildFile; fileRef = 24A7DBCE26D7ED7600AC3675 /* TutorialStep.swift */; };
		24A7DBD126D7EF7000AC3675 /* TutorialView.swift in Sources */ = {isa = PBXBuildFile; fileRef = 24A7DBD026D7EF7000AC3675 /* TutorialView.swift */; };
		24A7DBD326D7F16C00AC3675 /* Bundle+icon.swift in Sources */ = {isa = PBXBuildFile; fileRef = 24A7DBD226D7F16C00AC3675 /* Bundle+icon.swift */; };
		24B224A026B5E445009EAB48 /* GestureListItem.swift in Sources */ = {isa = PBXBuildFile; fileRef = 24B2249F26B5E445009EAB48 /* GestureListItem.swift */; };
		24B224A226B5E6B4009EAB48 /* Action+Title.swift in Sources */ = {isa = PBXBuildFile; fileRef = 24B224A126B5E6B3009EAB48 /* Action+Title.swift */; };
		24B224A526B5EB9A009EAB48 /* LineSmoother.swift in Sources */ = {isa = PBXBuildFile; fileRef = 24B224A426B5EB9A009EAB48 /* LineSmoother.swift */; };
		24B224A726B5EDE0009EAB48 /* PatternPreview.swift in Sources */ = {isa = PBXBuildFile; fileRef = 24B224A626B5EDE0009EAB48 /* PatternPreview.swift */; };
		24B224AA26B5EEFC009EAB48 /* Vector+.swift in Sources */ = {isa = PBXBuildFile; fileRef = 24B224A926B5EEFB009EAB48 /* Vector+.swift */; };
		24C11E4926B4307100E018B5 /* SharedTypes.swift in Sources */ = {isa = PBXBuildFile; fileRef = 24C11E4826B4307100E018B5 /* SharedTypes.swift */; };
		24C11E5426B4366B00E018B5 /* SafariWebExtensionHandler.swift in Sources */ = {isa = PBXBuildFile; fileRef = 24C11E5326B4366B00E018B5 /* SafariWebExtensionHandler.swift */; };
		24C11E5726B4366B00E018B5 /* _locales in Resources */ = {isa = PBXBuildFile; fileRef = 24C11E5626B4366B00E018B5 /* _locales */; };
		24C11E5926B4366B00E018B5 /* images in Resources */ = {isa = PBXBuildFile; fileRef = 24C11E5826B4366B00E018B5 /* images */; };
		24C11E5B26B4366B00E018B5 /* manifest.json in Resources */ = {isa = PBXBuildFile; fileRef = 24C11E5A26B4366B00E018B5 /* manifest.json */; };
		24C11E5D26B4366B00E018B5 /* background.js in Resources */ = {isa = PBXBuildFile; fileRef = 24C11E5C26B4366B00E018B5 /* background.js */; };
		24C11E5F26B4366B00E018B5 /* content.js in Resources */ = {isa = PBXBuildFile; fileRef = 24C11E5E26B4366B00E018B5 /* content.js */; };
		24C11E6126B4366B00E018B5 /* popup.html in Resources */ = {isa = PBXBuildFile; fileRef = 24C11E6026B4366B00E018B5 /* popup.html */; };
		24C11E6326B4366B00E018B5 /* popup.css in Resources */ = {isa = PBXBuildFile; fileRef = 24C11E6226B4366B00E018B5 /* popup.css */; };
		24C11E6526B4366B00E018B5 /* popup.js in Resources */ = {isa = PBXBuildFile; fileRef = 24C11E6426B4366B00E018B5 /* popup.js */; };
		24C11E6926B4366B00E018B5 /* SvadilfariExtension.appex in Embed App Extensions */ = {isa = PBXBuildFile; fileRef = 24C11E5126B4366B00E018B5 /* SvadilfariExtension.appex */; settings = {ATTRIBUTES = (RemoveHeadersOnCopy, ); }; };
		24D00D2226C2BF0B00F8F1FA /* PersistenceController.swift in Sources */ = {isa = PBXBuildFile; fileRef = 24D00D2126C2BF0B00F8F1FA /* PersistenceController.swift */; };
		24D759CD26BC80960017498A /* NavigationLinkView.swift in Sources */ = {isa = PBXBuildFile; fileRef = 24D759CC26BC80960017498A /* NavigationLinkView.swift */; };
		24D759CF26BCB3C20017498A /* NewGestureSelectActionView.swift in Sources */ = {isa = PBXBuildFile; fileRef = 24D759CE26BCB3C20017498A /* NewGestureSelectActionView.swift */; };
		24E29CFE26B5F576003AF136 /* Pattern+.swift in Sources */ = {isa = PBXBuildFile; fileRef = 24E29CFD26B5F576003AF136 /* Pattern+.swift */; };
		24E29D0026B5F8A3003AF136 /* UIBezierPath+.swift in Sources */ = {isa = PBXBuildFile; fileRef = 24E29CFF26B5F8A3003AF136 /* UIBezierPath+.swift */; };
		24F3686A26C35B1D0092F583 /* PersistenceController.swift in Sources */ = {isa = PBXBuildFile; fileRef = 24D00D2126C2BF0B00F8F1FA /* PersistenceController.swift */; };
		24F3686B26C35EA90092F583 /* SharedTypes.swift in Sources */ = {isa = PBXBuildFile; fileRef = 24C11E4826B4307100E018B5 /* SharedTypes.swift */; };
		24F3686C26C362A80092F583 /* GestureEntity+.swift in Sources */ = {isa = PBXBuildFile; fileRef = 24FAA2BA26B942540083FFAB /* GestureEntity+.swift */; };
		24F3686E26C365650092F583 /* URL+storeURL.swift in Sources */ = {isa = PBXBuildFile; fileRef = 24F3686D26C365650092F583 /* URL+storeURL.swift */; };
		24F3686F26C365C40092F583 /* URL+storeURL.swift in Sources */ = {isa = PBXBuildFile; fileRef = 24F3686D26C365650092F583 /* URL+storeURL.swift */; };
		24FAA2B826B93CAC0083FFAB /* CoreData.xcdatamodeld in Sources */ = {isa = PBXBuildFile; fileRef = 24FAA2B626B93CAC0083FFAB /* CoreData.xcdatamodeld */; };
		24FAA2BB26B942540083FFAB /* GestureEntity+.swift in Sources */ = {isa = PBXBuildFile; fileRef = 24FAA2BA26B942540083FFAB /* GestureEntity+.swift */; };
		24FAA2BD26B943330083FFAB /* Error.swift in Sources */ = {isa = PBXBuildFile; fileRef = 24FAA2BC26B943330083FFAB /* Error.swift */; };
/* End PBXBuildFile section */

/* Begin PBXContainerItemProxy section */
		24428E2426B33E7700B21130 /* PBXContainerItemProxy */ = {
			isa = PBXContainerItemProxy;
			containerPortal = 24428E0B26B33E7600B21130 /* Project object */;
			proxyType = 1;
			remoteGlobalIDString = 24428E1226B33E7600B21130;
			remoteInfo = Svadilfari;
		};
		24428E2E26B33E7700B21130 /* PBXContainerItemProxy */ = {
			isa = PBXContainerItemProxy;
			containerPortal = 24428E0B26B33E7600B21130 /* Project object */;
			proxyType = 1;
			remoteGlobalIDString = 24428E1226B33E7600B21130;
			remoteInfo = Svadilfari;
		};
		24C11E6726B4366B00E018B5 /* PBXContainerItemProxy */ = {
			isa = PBXContainerItemProxy;
			containerPortal = 24428E0B26B33E7600B21130 /* Project object */;
			proxyType = 1;
			remoteGlobalIDString = 24C11E5026B4366B00E018B5;
			remoteInfo = SvadilfariExtension;
		};
/* End PBXContainerItemProxy section */

/* Begin PBXCopyFilesBuildPhase section */
		24C11E6D26B4366B00E018B5 /* Embed App Extensions */ = {
			isa = PBXCopyFilesBuildPhase;
			buildActionMask = 2147483647;
			dstPath = "";
			dstSubfolderSpec = 13;
			files = (
				24C11E6926B4366B00E018B5 /* SvadilfariExtension.appex in Embed App Extensions */,
			);
			name = "Embed App Extensions";
			runOnlyForDeploymentPostprocessing = 0;
		};
/* End PBXCopyFilesBuildPhase section */

/* Begin PBXFileReference section */
		240410B326DF8B3400851A2A /* InitialDataService.swift */ = {isa = PBXFileReference; lastKnownFileType = sourcecode.swift; path = InitialDataService.swift; sourceTree = "<group>"; };
		241D8FB626BC1EDE00CBB381 /* ActionList.swift */ = {isa = PBXFileReference; lastKnownFileType = sourcecode.swift; path = ActionList.swift; sourceTree = "<group>"; };
		241D8FB826BC1F2200CBB381 /* Action+.swift */ = {isa = PBXFileReference; lastKnownFileType = sourcecode.swift; path = "Action+.swift"; sourceTree = "<group>"; };
		241D8FBF26BC7BDC00CBB381 /* SelectActionView.swift */ = {isa = PBXFileReference; lastKnownFileType = sourcecode.swift; path = SelectActionView.swift; sourceTree = "<group>"; };
		241D8FC126BC7E1600CBB381 /* RunJavascriptActionConfigView.swift */ = {isa = PBXFileReference; lastKnownFileType = sourcecode.swift; path = RunJavascriptActionConfigView.swift; sourceTree = "<group>"; };
		242CD6E826CFB147009DDDB0 /* Constants.swift */ = {isa = PBXFileReference; lastKnownFileType = sourcecode.swift; path = Constants.swift; sourceTree = "<group>"; };
		242CD6ED26CFC6E0009DDDB0 /* ExclusionListService.swift */ = {isa = PBXFileReference; lastKnownFileType = sourcecode.swift; path = ExclusionListService.swift; sourceTree = "<group>"; };
		242CD6F026CFD111009DDDB0 /* ExclusionListServiceTest.swift */ = {isa = PBXFileReference; lastKnownFileType = sourcecode.swift; path = ExclusionListServiceTest.swift; sourceTree = "<group>"; };
		24428E1326B33E7600B21130 /* Svadilfari.app */ = {isa = PBXFileReference; explicitFileType = wrapper.application; includeInIndex = 0; path = Svadilfari.app; sourceTree = BUILT_PRODUCTS_DIR; };
		24428E1626B33E7600B21130 /* SvadilfariApp.swift */ = {isa = PBXFileReference; lastKnownFileType = sourcecode.swift; path = SvadilfariApp.swift; sourceTree = "<group>"; };
		24428E1826B33E7600B21130 /* ContentView.swift */ = {isa = PBXFileReference; lastKnownFileType = sourcecode.swift; path = ContentView.swift; sourceTree = "<group>"; };
		24428E1A26B33E7700B21130 /* Assets.xcassets */ = {isa = PBXFileReference; lastKnownFileType = folder.assetcatalog; path = Assets.xcassets; sourceTree = "<group>"; };
		24428E1D26B33E7700B21130 /* Preview Assets.xcassets */ = {isa = PBXFileReference; lastKnownFileType = folder.assetcatalog; path = "Preview Assets.xcassets"; sourceTree = "<group>"; };
		24428E2326B33E7700B21130 /* SvadilfariTests.xctest */ = {isa = PBXFileReference; explicitFileType = wrapper.cfbundle; includeInIndex = 0; path = SvadilfariTests.xctest; sourceTree = BUILT_PRODUCTS_DIR; };
		24428E2726B33E7700B21130 /* SvadilfariTests.swift */ = {isa = PBXFileReference; lastKnownFileType = sourcecode.swift; path = SvadilfariTests.swift; sourceTree = "<group>"; };
		24428E2D26B33E7700B21130 /* SvadilfariUITests.xctest */ = {isa = PBXFileReference; explicitFileType = wrapper.cfbundle; includeInIndex = 0; path = SvadilfariUITests.xctest; sourceTree = BUILT_PRODUCTS_DIR; };
		24428E3126B33E7700B21130 /* SvadilfariUITests.swift */ = {isa = PBXFileReference; lastKnownFileType = sourcecode.swift; path = SvadilfariUITests.swift; sourceTree = "<group>"; };
		24428E4026B33F5400B21130 /* HomeListItem.swift */ = {isa = PBXFileReference; lastKnownFileType = sourcecode.swift; path = HomeListItem.swift; sourceTree = "<group>"; };
		24428E4326B3436A00B21130 /* HomeListView.swift */ = {isa = PBXFileReference; lastKnownFileType = sourcecode.swift; path = HomeListView.swift; sourceTree = "<group>"; };
		24500EEC26C6D81300F7BB7E /* NewGestureDrawerView.swift */ = {isa = PBXFileReference; lastKnownFileType = sourcecode.swift; path = NewGestureDrawerView.swift; sourceTree = "<group>"; };
		24500EEE26C6D95800F7BB7E /* GridView.swift */ = {isa = PBXFileReference; lastKnownFileType = sourcecode.swift; path = GridView.swift; sourceTree = "<group>"; };
		24500EF126C6E03500F7BB7E /* NativeHelper.js */ = {isa = PBXFileReference; fileEncoding = 4; lastKnownFileType = sourcecode.javascript; path = NativeHelper.js; sourceTree = "<group>"; };
		245A016026B9A07700EEE8CD /* UserDefaults.swift */ = {isa = PBXFileReference; lastKnownFileType = sourcecode.swift; path = UserDefaults.swift; sourceTree = "<group>"; };
		245A016526B9A24600EEE8CD /* NewGestureView.swift */ = {isa = PBXFileReference; lastKnownFileType = sourcecode.swift; path = NewGestureView.swift; sourceTree = "<group>"; };
		245A016726B9A29200EEE8CD /* GestureTemplateButton.swift */ = {isa = PBXFileReference; lastKnownFileType = sourcecode.swift; path = GestureTemplateButton.swift; sourceTree = "<group>"; };
		245A016A26B9ACD900EEE8CD /* NewGesturePresetsView.swift */ = {isa = PBXFileReference; lastKnownFileType = sourcecode.swift; path = NewGesturePresetsView.swift; sourceTree = "<group>"; };
		245A016C26B9CCCA00EEE8CD /* NewGesturePatternConfirmView.swift */ = {isa = PBXFileReference; lastKnownFileType = sourcecode.swift; path = NewGesturePatternConfirmView.swift; sourceTree = "<group>"; };
		2485834B26BCC2DE00A8836E /* SheetState.swift */ = {isa = PBXFileReference; lastKnownFileType = sourcecode.swift; path = SheetState.swift; sourceTree = "<group>"; };
		249477BB26CCF6D800E6FCC5 /* ExclusionListView.swift */ = {isa = PBXFileReference; lastKnownFileType = sourcecode.swift; path = ExclusionListView.swift; sourceTree = "<group>"; };
		249477BD26CEB38700E6FCC5 /* PersistentHistoryTracking.swift */ = {isa = PBXFileReference; lastKnownFileType = sourcecode.swift; path = PersistentHistoryTracking.swift; sourceTree = "<group>"; };
		249477BF26CEB71B00E6FCC5 /* UserDefaults+transactionTimestamp.swift */ = {isa = PBXFileReference; lastKnownFileType = sourcecode.swift; path = "UserDefaults+transactionTimestamp.swift"; sourceTree = "<group>"; };
		249477C226CEB75200E6FCC5 /* PersistentHistoryMerger.swift */ = {isa = PBXFileReference; lastKnownFileType = sourcecode.swift; path = PersistentHistoryMerger.swift; sourceTree = "<group>"; };
		249477C526CEB96E00E6FCC5 /* Logger+.swift */ = {isa = PBXFileReference; lastKnownFileType = sourcecode.swift; path = "Logger+.swift"; sourceTree = "<group>"; };
		249477C726CEBA0D00E6FCC5 /* PersistentHistoryFetcher.swift */ = {isa = PBXFileReference; lastKnownFileType = sourcecode.swift; path = PersistentHistoryFetcher.swift; sourceTree = "<group>"; };
		249477C926CEBC4500E6FCC5 /* PersistentHistoryCleaner.swift */ = {isa = PBXFileReference; lastKnownFileType = sourcecode.swift; path = PersistentHistoryCleaner.swift; sourceTree = "<group>"; };
		24A19E2B26B34F9500DA5E20 /* GestureListView.swift */ = {isa = PBXFileReference; lastKnownFileType = sourcecode.swift; path = GestureListView.swift; sourceTree = "<group>"; };
		24A22F0D26D1404200C60F53 /* NewExclusionEntryView.swift */ = {isa = PBXFileReference; lastKnownFileType = sourcecode.swift; path = NewExclusionEntryView.swift; sourceTree = "<group>"; };
		24A22F1026D1483800C60F53 /* EmptyPlaceholder.swift */ = {isa = PBXFileReference; lastKnownFileType = sourcecode.swift; path = EmptyPlaceholder.swift; sourceTree = "<group>"; };
		24A22F1A26D2C2E500C60F53 /* Localizable.strings */ = {isa = PBXFileReference; lastKnownFileType = text.plist.strings; path = Localizable.strings; sourceTree = "<group>"; };
		24A7DBCC26D7ECB000AC3675 /* TutorialStepList.swift */ = {isa = PBXFileReference; lastKnownFileType = sourcecode.swift; path = TutorialStepList.swift; sourceTree = "<group>"; };
		24A7DBCE26D7ED7600AC3675 /* TutorialStep.swift */ = {isa = PBXFileReference; lastKnownFileType = sourcecode.swift; path = TutorialStep.swift; sourceTree = "<group>"; };
		24A7DBD026D7EF7000AC3675 /* TutorialView.swift */ = {isa = PBXFileReference; lastKnownFileType = sourcecode.swift; path = TutorialView.swift; sourceTree = "<group>"; };
		24A7DBD226D7F16C00AC3675 /* Bundle+icon.swift */ = {isa = PBXFileReference; lastKnownFileType = sourcecode.swift; path = "Bundle+icon.swift"; sourceTree = "<group>"; };
		24B2249F26B5E445009EAB48 /* GestureListItem.swift */ = {isa = PBXFileReference; lastKnownFileType = sourcecode.swift; path = GestureListItem.swift; sourceTree = "<group>"; };
		24B224A126B5E6B3009EAB48 /* Action+Title.swift */ = {isa = PBXFileReference; lastKnownFileType = sourcecode.swift; path = "Action+Title.swift"; sourceTree = "<group>"; };
		24B224A426B5EB9A009EAB48 /* LineSmoother.swift */ = {isa = PBXFileReference; lastKnownFileType = sourcecode.swift; path = LineSmoother.swift; sourceTree = "<group>"; };
		24B224A626B5EDE0009EAB48 /* PatternPreview.swift */ = {isa = PBXFileReference; lastKnownFileType = sourcecode.swift; path = PatternPreview.swift; sourceTree = "<group>"; };
		24B224A926B5EEFB009EAB48 /* Vector+.swift */ = {isa = PBXFileReference; lastKnownFileType = sourcecode.swift; path = "Vector+.swift"; sourceTree = "<group>"; };
		24C11E4826B4307100E018B5 /* SharedTypes.swift */ = {isa = PBXFileReference; fileEncoding = 4; lastKnownFileType = sourcecode.swift; path = SharedTypes.swift; sourceTree = "<group>"; };
		24C11E5126B4366B00E018B5 /* SvadilfariExtension.appex */ = {isa = PBXFileReference; explicitFileType = "wrapper.app-extension"; includeInIndex = 0; path = SvadilfariExtension.appex; sourceTree = BUILT_PRODUCTS_DIR; };
		24C11E5326B4366B00E018B5 /* SafariWebExtensionHandler.swift */ = {isa = PBXFileReference; lastKnownFileType = sourcecode.swift; path = SafariWebExtensionHandler.swift; sourceTree = "<group>"; };
		24C11E5626B4366B00E018B5 /* _locales */ = {isa = PBXFileReference; lastKnownFileType = folder; path = _locales; sourceTree = "<group>"; };
		24C11E5826B4366B00E018B5 /* images */ = {isa = PBXFileReference; lastKnownFileType = folder; path = images; sourceTree = "<group>"; };
		24C11E5A26B4366B00E018B5 /* manifest.json */ = {isa = PBXFileReference; lastKnownFileType = text.json; path = manifest.json; sourceTree = "<group>"; };
		24C11E5C26B4366B00E018B5 /* background.js */ = {isa = PBXFileReference; lastKnownFileType = sourcecode.javascript; path = background.js; sourceTree = "<group>"; };
		24C11E5E26B4366B00E018B5 /* content.js */ = {isa = PBXFileReference; lastKnownFileType = sourcecode.javascript; path = content.js; sourceTree = "<group>"; };
		24C11E6026B4366B00E018B5 /* popup.html */ = {isa = PBXFileReference; lastKnownFileType = text.html; path = popup.html; sourceTree = "<group>"; };
		24C11E6226B4366B00E018B5 /* popup.css */ = {isa = PBXFileReference; lastKnownFileType = text.css; path = popup.css; sourceTree = "<group>"; };
		24C11E6426B4366B00E018B5 /* popup.js */ = {isa = PBXFileReference; lastKnownFileType = sourcecode.javascript; path = popup.js; sourceTree = "<group>"; };
		24C11E6626B4366B00E018B5 /* Info.plist */ = {isa = PBXFileReference; lastKnownFileType = text.plist.xml; path = Info.plist; sourceTree = "<group>"; };
		24D00D2126C2BF0B00F8F1FA /* PersistenceController.swift */ = {isa = PBXFileReference; lastKnownFileType = sourcecode.swift; path = PersistenceController.swift; sourceTree = "<group>"; };
		24D00D2326C3580700F8F1FA /* Svadilfari.entitlements */ = {isa = PBXFileReference; lastKnownFileType = text.plist.entitlements; path = Svadilfari.entitlements; sourceTree = "<group>"; };
		24D759CC26BC80960017498A /* NavigationLinkView.swift */ = {isa = PBXFileReference; lastKnownFileType = sourcecode.swift; path = NavigationLinkView.swift; sourceTree = "<group>"; };
		24D759CE26BCB3C20017498A /* NewGestureSelectActionView.swift */ = {isa = PBXFileReference; lastKnownFileType = sourcecode.swift; path = NewGestureSelectActionView.swift; sourceTree = "<group>"; };
		24E29CFD26B5F576003AF136 /* Pattern+.swift */ = {isa = PBXFileReference; lastKnownFileType = sourcecode.swift; path = "Pattern+.swift"; sourceTree = "<group>"; };
		24E29CFF26B5F8A3003AF136 /* UIBezierPath+.swift */ = {isa = PBXFileReference; lastKnownFileType = sourcecode.swift; path = "UIBezierPath+.swift"; sourceTree = "<group>"; };
		24F3686826C359F00092F583 /* SvadilfariExtension.entitlements */ = {isa = PBXFileReference; lastKnownFileType = text.plist.entitlements; path = SvadilfariExtension.entitlements; sourceTree = "<group>"; };
		24F3686D26C365650092F583 /* URL+storeURL.swift */ = {isa = PBXFileReference; lastKnownFileType = sourcecode.swift; path = "URL+storeURL.swift"; sourceTree = "<group>"; };
		24FAA2B726B93CAC0083FFAB /* Gesture.xcdatamodel */ = {isa = PBXFileReference; lastKnownFileType = wrapper.xcdatamodel; path = Gesture.xcdatamodel; sourceTree = "<group>"; };
		24FAA2BA26B942540083FFAB /* GestureEntity+.swift */ = {isa = PBXFileReference; lastKnownFileType = sourcecode.swift; path = "GestureEntity+.swift"; sourceTree = "<group>"; };
		24FAA2BC26B943330083FFAB /* Error.swift */ = {isa = PBXFileReference; lastKnownFileType = sourcecode.swift; path = Error.swift; sourceTree = "<group>"; };
/* End PBXFileReference section */

/* Begin PBXFrameworksBuildPhase section */
		24428E1026B33E7600B21130 /* Frameworks */ = {
			isa = PBXFrameworksBuildPhase;
			buildActionMask = 2147483647;
			files = (
			);
			runOnlyForDeploymentPostprocessing = 0;
		};
		24428E2026B33E7700B21130 /* Frameworks */ = {
			isa = PBXFrameworksBuildPhase;
			buildActionMask = 2147483647;
			files = (
			);
			runOnlyForDeploymentPostprocessing = 0;
		};
		24428E2A26B33E7700B21130 /* Frameworks */ = {
			isa = PBXFrameworksBuildPhase;
			buildActionMask = 2147483647;
			files = (
			);
			runOnlyForDeploymentPostprocessing = 0;
		};
		24C11E4E26B4366B00E018B5 /* Frameworks */ = {
			isa = PBXFrameworksBuildPhase;
			buildActionMask = 2147483647;
			files = (
			);
			runOnlyForDeploymentPostprocessing = 0;
		};
/* End PBXFrameworksBuildPhase section */

/* Begin PBXGroup section */
		241D8FBA26BC7B5700CBB381 /* Select Action */ = {
			isa = PBXGroup;
			children = (
				241D8FBF26BC7BDC00CBB381 /* SelectActionView.swift */,
				241D8FC126BC7E1600CBB381 /* RunJavascriptActionConfigView.swift */,
			);
			path = "Select Action";
			sourceTree = "<group>";
		};
		242CD6EC26CFB560009DDDB0 /* Services */ = {
			isa = PBXGroup;
			children = (
			);
			path = Services;
			sourceTree = "<group>";
		};
		242CD6EF26CFCE1B009DDDB0 /* Services */ = {
			isa = PBXGroup;
			children = (
				242CD6ED26CFC6E0009DDDB0 /* ExclusionListService.swift */,
				240410B326DF8B3400851A2A /* InitialDataService.swift */,
			);
			path = Services;
			sourceTree = "<group>";
		};
		24428E0A26B33E7600B21130 = {
			isa = PBXGroup;
			children = (
				24428E1526B33E7600B21130 /* Svadilfari */,
				24428E2626B33E7700B21130 /* SvadilfariTests */,
				24428E3026B33E7700B21130 /* SvadilfariUITests */,
				24C11E5226B4366B00E018B5 /* SvadilfariExtension */,
				24428E1426B33E7600B21130 /* Products */,
			);
			sourceTree = "<group>";
		};
		24428E1426B33E7600B21130 /* Products */ = {
			isa = PBXGroup;
			children = (
				24428E1326B33E7600B21130 /* Svadilfari.app */,
				24428E2326B33E7700B21130 /* SvadilfariTests.xctest */,
				24428E2D26B33E7700B21130 /* SvadilfariUITests.xctest */,
				24C11E5126B4366B00E018B5 /* SvadilfariExtension.appex */,
			);
			name = Products;
			sourceTree = "<group>";
		};
		24428E1526B33E7600B21130 /* Svadilfari */ = {
			isa = PBXGroup;
			children = (
				24500EF026C6DC7500F7BB7E /* Resources */,
				24D00D2326C3580700F8F1FA /* Svadilfari.entitlements */,
				24B224A826B5EEEE009EAB48 /* Extensions */,
				24B224A326B5EB71009EAB48 /* Misc */,
				24428E3E26B33F2A00B21130 /* UI */,
				249477C126CEB73500E6FCC5 /* Core Data */,
				242CD6EF26CFCE1B009DDDB0 /* Services */,
				24C11E4826B4307100E018B5 /* SharedTypes.swift */,
				24428E1626B33E7600B21130 /* SvadilfariApp.swift */,
				24428E1A26B33E7700B21130 /* Assets.xcassets */,
				24428E1C26B33E7700B21130 /* Preview Content */,
				24FAA2B626B93CAC0083FFAB /* CoreData.xcdatamodeld */,
				24FAA2BC26B943330083FFAB /* Error.swift */,
				245A016026B9A07700EEE8CD /* UserDefaults.swift */,
				242CD6E826CFB147009DDDB0 /* Constants.swift */,
			);
			path = Svadilfari;
			sourceTree = "<group>";
		};
		24428E1C26B33E7700B21130 /* Preview Content */ = {
			isa = PBXGroup;
			children = (
				24428E1D26B33E7700B21130 /* Preview Assets.xcassets */,
			);
			path = "Preview Content";
			sourceTree = "<group>";
		};
		24428E2626B33E7700B21130 /* SvadilfariTests */ = {
			isa = PBXGroup;
			children = (
				24428E2726B33E7700B21130 /* SvadilfariTests.swift */,
				242CD6F026CFD111009DDDB0 /* ExclusionListServiceTest.swift */,
			);
			path = SvadilfariTests;
			sourceTree = "<group>";
		};
		24428E3026B33E7700B21130 /* SvadilfariUITests */ = {
			isa = PBXGroup;
			children = (
				24428E3126B33E7700B21130 /* SvadilfariUITests.swift */,
			);
			path = SvadilfariUITests;
			sourceTree = "<group>";
		};
		24428E3E26B33F2A00B21130 /* UI */ = {
			isa = PBXGroup;
			children = (
				24A22F0F26D1482B00C60F53 /* Modifiers */,
				24428E4226B3435700B21130 /* Views */,
				24428E3F26B33F3D00B21130 /* Components */,
				24428E1826B33E7600B21130 /* ContentView.swift */,
			);
			path = UI;
			sourceTree = "<group>";
		};
		24428E3F26B33F3D00B21130 /* Components */ = {
			isa = PBXGroup;
			children = (
				24428E4026B33F5400B21130 /* HomeListItem.swift */,
				24B2249F26B5E445009EAB48 /* GestureListItem.swift */,
				24B224A626B5EDE0009EAB48 /* PatternPreview.swift */,
				245A016726B9A29200EEE8CD /* GestureTemplateButton.swift */,
				241D8FB626BC1EDE00CBB381 /* ActionList.swift */,
				24D759CC26BC80960017498A /* NavigationLinkView.swift */,
				24500EEE26C6D95800F7BB7E /* GridView.swift */,
				24A7DBCC26D7ECB000AC3675 /* TutorialStepList.swift */,
				24A7DBCE26D7ED7600AC3675 /* TutorialStep.swift */,
			);
			path = Components;
			sourceTree = "<group>";
		};
		24428E4226B3435700B21130 /* Views */ = {
			isa = PBXGroup;
			children = (
				241D8FBA26BC7B5700CBB381 /* Select Action */,
				245A016926B9ACBE00EEE8CD /* New Gesture */,
				24A22F0C26D1402F00C60F53 /* New Exclusion Entry */,
				24428E4326B3436A00B21130 /* HomeListView.swift */,
				24A19E2B26B34F9500DA5E20 /* GestureListView.swift */,
				249477BB26CCF6D800E6FCC5 /* ExclusionListView.swift */,
				24A7DBD026D7EF7000AC3675 /* TutorialView.swift */,
			);
			path = Views;
			sourceTree = "<group>";
		};
		24500EF026C6DC7500F7BB7E /* Resources */ = {
			isa = PBXGroup;
			children = (
				24500EF126C6E03500F7BB7E /* NativeHelper.js */,
				24A22F1A26D2C2E500C60F53 /* Localizable.strings */,
			);
			path = Resources;
			sourceTree = "<group>";
		};
		245A016926B9ACBE00EEE8CD /* New Gesture */ = {
			isa = PBXGroup;
			children = (
				245A016526B9A24600EEE8CD /* NewGestureView.swift */,
				245A016A26B9ACD900EEE8CD /* NewGesturePresetsView.swift */,
				24500EEC26C6D81300F7BB7E /* NewGestureDrawerView.swift */,
				245A016C26B9CCCA00EEE8CD /* NewGesturePatternConfirmView.swift */,
				24D759CE26BCB3C20017498A /* NewGestureSelectActionView.swift */,
			);
			path = "New Gesture";
			sourceTree = "<group>";
		};
		249477C126CEB73500E6FCC5 /* Core Data */ = {
			isa = PBXGroup;
			children = (
				24D00D2126C2BF0B00F8F1FA /* PersistenceController.swift */,
				249477BD26CEB38700E6FCC5 /* PersistentHistoryTracking.swift */,
				249477C226CEB75200E6FCC5 /* PersistentHistoryMerger.swift */,
				249477C726CEBA0D00E6FCC5 /* PersistentHistoryFetcher.swift */,
				249477C926CEBC4500E6FCC5 /* PersistentHistoryCleaner.swift */,
				249477BF26CEB71B00E6FCC5 /* UserDefaults+transactionTimestamp.swift */,
			);
			path = "Core Data";
			sourceTree = "<group>";
		};
		249477C426CEB95B00E6FCC5 /* System */ = {
			isa = PBXGroup;
			children = (
				249477C526CEB96E00E6FCC5 /* Logger+.swift */,
			);
			path = System;
			sourceTree = "<group>";
		};
		24A22F0C26D1402F00C60F53 /* New Exclusion Entry */ = {
			isa = PBXGroup;
			children = (
				24A22F0D26D1404200C60F53 /* NewExclusionEntryView.swift */,
			);
			path = "New Exclusion Entry";
			sourceTree = "<group>";
		};
		24A22F0F26D1482B00C60F53 /* Modifiers */ = {
			isa = PBXGroup;
			children = (
				24A22F1026D1483800C60F53 /* EmptyPlaceholder.swift */,
			);
			path = Modifiers;
			sourceTree = "<group>";
		};
		24B224A326B5EB71009EAB48 /* Misc */ = {
			isa = PBXGroup;
			children = (
				24B224A426B5EB9A009EAB48 /* LineSmoother.swift */,
				2485834B26BCC2DE00A8836E /* SheetState.swift */,
			);
			path = Misc;
			sourceTree = "<group>";
		};
		24B224A826B5EEEE009EAB48 /* Extensions */ = {
			isa = PBXGroup;
			children = (
				249477C426CEB95B00E6FCC5 /* System */,
				24D759D026BCB7E40017498A /* UI */,
				24FAA2B926B942420083FFAB /* Core Data */,
				24B224A126B5E6B3009EAB48 /* Action+Title.swift */,
				24B224A926B5EEFB009EAB48 /* Vector+.swift */,
				24E29CFD26B5F576003AF136 /* Pattern+.swift */,
				24E29CFF26B5F8A3003AF136 /* UIBezierPath+.swift */,
				241D8FB826BC1F2200CBB381 /* Action+.swift */,
				24F3686D26C365650092F583 /* URL+storeURL.swift */,
				24A7DBD226D7F16C00AC3675 /* Bundle+icon.swift */,
			);
			path = Extensions;
			sourceTree = "<group>";
		};
		24C11E5226B4366B00E018B5 /* SvadilfariExtension */ = {
			isa = PBXGroup;
			children = (
				242CD6EC26CFB560009DDDB0 /* Services */,
				24F3686826C359F00092F583 /* SvadilfariExtension.entitlements */,
				24C11E5326B4366B00E018B5 /* SafariWebExtensionHandler.swift */,
				24C11E6626B4366B00E018B5 /* Info.plist */,
				24C11E5526B4366B00E018B5 /* Resources */,
			);
			path = SvadilfariExtension;
			sourceTree = "<group>";
		};
		24C11E5526B4366B00E018B5 /* Resources */ = {
			isa = PBXGroup;
			children = (
				24C11E5626B4366B00E018B5 /* _locales */,
				24C11E5826B4366B00E018B5 /* images */,
				24C11E5A26B4366B00E018B5 /* manifest.json */,
				24C11E5C26B4366B00E018B5 /* background.js */,
				24C11E5E26B4366B00E018B5 /* content.js */,
				24C11E6026B4366B00E018B5 /* popup.html */,
				24C11E6226B4366B00E018B5 /* popup.css */,
				24C11E6426B4366B00E018B5 /* popup.js */,
			);
			path = Resources;
			sourceTree = "<group>";
		};
		24D759D026BCB7E40017498A /* UI */ = {
			isa = PBXGroup;
			children = (
			);
			path = UI;
			sourceTree = "<group>";
		};
		24FAA2B926B942420083FFAB /* Core Data */ = {
			isa = PBXGroup;
			children = (
				24FAA2BA26B942540083FFAB /* GestureEntity+.swift */,
			);
			path = "Core Data";
			sourceTree = "<group>";
		};
/* End PBXGroup section */

/* Begin PBXNativeTarget section */
		24428E1226B33E7600B21130 /* Svadilfari */ = {
			isa = PBXNativeTarget;
			buildConfigurationList = 24428E3526B33E7700B21130 /* Build configuration list for PBXNativeTarget "Svadilfari" */;
			buildPhases = (
				24FAA2B526B934810083FFAB /* SwiftLint */,
				24428E0F26B33E7600B21130 /* Sources */,
				24428E1026B33E7600B21130 /* Frameworks */,
				24428E1126B33E7600B21130 /* Resources */,
				24C11E6D26B4366B00E018B5 /* Embed App Extensions */,
			);
			buildRules = (
			);
			dependencies = (
				24C11E6826B4366B00E018B5 /* PBXTargetDependency */,
			);
			name = Svadilfari;
			productName = Svadilfari;
			productReference = 24428E1326B33E7600B21130 /* Svadilfari.app */;
			productType = "com.apple.product-type.application";
		};
		24428E2226B33E7700B21130 /* SvadilfariTests */ = {
			isa = PBXNativeTarget;
			buildConfigurationList = 24428E3826B33E7700B21130 /* Build configuration list for PBXNativeTarget "SvadilfariTests" */;
			buildPhases = (
				24428E1F26B33E7700B21130 /* Sources */,
				24428E2026B33E7700B21130 /* Frameworks */,
				24428E2126B33E7700B21130 /* Resources */,
			);
			buildRules = (
			);
			dependencies = (
				24428E2526B33E7700B21130 /* PBXTargetDependency */,
			);
			name = SvadilfariTests;
			productName = SvadilfariTests;
			productReference = 24428E2326B33E7700B21130 /* SvadilfariTests.xctest */;
			productType = "com.apple.product-type.bundle.unit-test";
		};
		24428E2C26B33E7700B21130 /* SvadilfariUITests */ = {
			isa = PBXNativeTarget;
			buildConfigurationList = 24428E3B26B33E7700B21130 /* Build configuration list for PBXNativeTarget "SvadilfariUITests" */;
			buildPhases = (
				24428E2926B33E7700B21130 /* Sources */,
				24428E2A26B33E7700B21130 /* Frameworks */,
				24428E2B26B33E7700B21130 /* Resources */,
			);
			buildRules = (
			);
			dependencies = (
				24428E2F26B33E7700B21130 /* PBXTargetDependency */,
			);
			name = SvadilfariUITests;
			productName = SvadilfariUITests;
			productReference = 24428E2D26B33E7700B21130 /* SvadilfariUITests.xctest */;
			productType = "com.apple.product-type.bundle.ui-testing";
		};
		24C11E5026B4366B00E018B5 /* SvadilfariExtension */ = {
			isa = PBXNativeTarget;
			buildConfigurationList = 24C11E6A26B4366B00E018B5 /* Build configuration list for PBXNativeTarget "SvadilfariExtension" */;
			buildPhases = (
				24BCD07726C502F60008EE94 /* Swiftlint */,
				24BCD07926C5060F0008EE94 /* Build Web Extension */,
				24C11E4D26B4366B00E018B5 /* Sources */,
				24C11E4E26B4366B00E018B5 /* Frameworks */,
				24C11E4F26B4366B00E018B5 /* Resources */,
			);
			buildRules = (
			);
			dependencies = (
			);
			name = SvadilfariExtension;
			productName = SvadilfariExtension;
			productReference = 24C11E5126B4366B00E018B5 /* SvadilfariExtension.appex */;
			productType = "com.apple.product-type.app-extension";
		};
/* End PBXNativeTarget section */

/* Begin PBXProject section */
		24428E0B26B33E7600B21130 /* Project object */ = {
			isa = PBXProject;
			attributes = {
				BuildIndependentTargetsInParallel = 1;
				LastSwiftUpdateCheck = 1300;
				LastUpgradeCheck = 1300;
				TargetAttributes = {
					24428E1226B33E7600B21130 = {
						CreatedOnToolsVersion = 13.0;
					};
					24428E2226B33E7700B21130 = {
						CreatedOnToolsVersion = 13.0;
						TestTargetID = 24428E1226B33E7600B21130;
					};
					24428E2C26B33E7700B21130 = {
						CreatedOnToolsVersion = 13.0;
						TestTargetID = 24428E1226B33E7600B21130;
					};
					24C11E5026B4366B00E018B5 = {
						CreatedOnToolsVersion = 13.0;
					};
				};
			};
			buildConfigurationList = 24428E0E26B33E7600B21130 /* Build configuration list for PBXProject "Svadilfari" */;
			compatibilityVersion = "Xcode 13.0";
			developmentRegion = en;
			hasScannedForEncodings = 0;
			knownRegions = (
				en,
				Base,
			);
			mainGroup = 24428E0A26B33E7600B21130;
			productRefGroup = 24428E1426B33E7600B21130 /* Products */;
			projectDirPath = "";
			projectRoot = "";
			targets = (
				24428E1226B33E7600B21130 /* Svadilfari */,
				24428E2226B33E7700B21130 /* SvadilfariTests */,
				24428E2C26B33E7700B21130 /* SvadilfariUITests */,
				24C11E5026B4366B00E018B5 /* SvadilfariExtension */,
			);
		};
/* End PBXProject section */

/* Begin PBXResourcesBuildPhase section */
		24428E1126B33E7600B21130 /* Resources */ = {
			isa = PBXResourcesBuildPhase;
			buildActionMask = 2147483647;
			files = (
				24428E1E26B33E7700B21130 /* Preview Assets.xcassets in Resources */,
				24A22F1B26D2C2E500C60F53 /* Localizable.strings in Resources */,
				24428E1B26B33E7700B21130 /* Assets.xcassets in Resources */,
				24500EF226C6E03500F7BB7E /* NativeHelper.js in Resources */,
			);
			runOnlyForDeploymentPostprocessing = 0;
		};
		24428E2126B33E7700B21130 /* Resources */ = {
			isa = PBXResourcesBuildPhase;
			buildActionMask = 2147483647;
			files = (
			);
			runOnlyForDeploymentPostprocessing = 0;
		};
		24428E2B26B33E7700B21130 /* Resources */ = {
			isa = PBXResourcesBuildPhase;
			buildActionMask = 2147483647;
			files = (
			);
			runOnlyForDeploymentPostprocessing = 0;
		};
		24C11E4F26B4366B00E018B5 /* Resources */ = {
			isa = PBXResourcesBuildPhase;
			buildActionMask = 2147483647;
			files = (
				24C11E5D26B4366B00E018B5 /* background.js in Resources */,
				24C11E6326B4366B00E018B5 /* popup.css in Resources */,
				24C11E6126B4366B00E018B5 /* popup.html in Resources */,
				24C11E5926B4366B00E018B5 /* images in Resources */,
				24C11E5B26B4366B00E018B5 /* manifest.json in Resources */,
				24C11E5726B4366B00E018B5 /* _locales in Resources */,
				24C11E5F26B4366B00E018B5 /* content.js in Resources */,
				24C11E6526B4366B00E018B5 /* popup.js in Resources */,
			);
			runOnlyForDeploymentPostprocessing = 0;
		};
/* End PBXResourcesBuildPhase section */

/* Begin PBXShellScriptBuildPhase section */
		24BCD07726C502F60008EE94 /* Swiftlint */ = {
			isa = PBXShellScriptBuildPhase;
			buildActionMask = 8;
			files = (
			);
			inputFileListPaths = (
			);
			inputPaths = (
			);
			name = Swiftlint;
			outputFileListPaths = (
			);
			outputPaths = (
			);
			runOnlyForDeploymentPostprocessing = 1;
			shellPath = /bin/sh;
			shellScript = "# Type a script or drag a script file from your workspace to insert its path.\nif test -d \"/opt/homebrew/bin/\"; then\n  PATH=\"/opt/homebrew/bin/:${PATH}\"\nfi\nexport PATH\nif which swiftlint >/dev/null; then\n  swiftlint --fix\n  swiftlint\nelse\n  echo \"warning: SwiftLint not installed, download from https://github.com/realm/SwiftLint\"\nfi\n";
		};
		24BCD07926C5060F0008EE94 /* Build Web Extension */ = {
			isa = PBXShellScriptBuildPhase;
			buildActionMask = 8;
			files = (
			);
			inputFileListPaths = (
			);
			inputPaths = (
			);
			name = "Build Web Extension";
			outputFileListPaths = (
			);
			outputPaths = (
			);
			runOnlyForDeploymentPostprocessing = 1;
			shellPath = "/bin/bash -l";
			shellScript = "cd ${PROJECT_DIR}\nmake extension\n";
		};
		24FAA2B526B934810083FFAB /* SwiftLint */ = {
			isa = PBXShellScriptBuildPhase;
			buildActionMask = 2147483647;
			files = (
			);
			inputFileListPaths = (
			);
			inputPaths = (
			);
			name = SwiftLint;
			outputFileListPaths = (
			);
			outputPaths = (
			);
			runOnlyForDeploymentPostprocessing = 0;
			shellPath = /bin/sh;
			shellScript = "# Type a script or drag a script file from your workspace to insert its path.\nif test -d \"/opt/homebrew/bin/\"; then\n  PATH=\"/opt/homebrew/bin/:${PATH}\"\nfi\nexport PATH\nif which swiftlint >/dev/null; then\n  swiftlint --fix\n  swiftlint\nelse\n  echo \"warning: SwiftLint not installed, download from https://github.com/realm/SwiftLint\"\nfi\n";
		};
/* End PBXShellScriptBuildPhase section */

/* Begin PBXSourcesBuildPhase section */
		24428E0F26B33E7600B21130 /* Sources */ = {
			isa = PBXSourcesBuildPhase;
			buildActionMask = 2147483647;
			files = (
				24C11E4926B4307100E018B5 /* SharedTypes.swift in Sources */,
				24A22F0E26D1404200C60F53 /* NewExclusionEntryView.swift in Sources */,
				24428E1926B33E7600B21130 /* ContentView.swift in Sources */,
				24E29CFE26B5F576003AF136 /* Pattern+.swift in Sources */,
				24A22F1126D1483800C60F53 /* EmptyPlaceholder.swift in Sources */,
				24A7DBCD26D7ECB000AC3675 /* TutorialStepList.swift in Sources */,
				24F3686E26C365650092F583 /* URL+storeURL.swift in Sources */,
				245A016B26B9ACD900EEE8CD /* NewGesturePresetsView.swift in Sources */,
				24D759CF26BCB3C20017498A /* NewGestureSelectActionView.swift in Sources */,
				24B224A526B5EB9A009EAB48 /* LineSmoother.swift in Sources */,
				24D00D2226C2BF0B00F8F1FA /* PersistenceController.swift in Sources */,
				249477C026CEB71B00E6FCC5 /* UserDefaults+transactionTimestamp.swift in Sources */,
				241D8FB726BC1EDE00CBB381 /* ActionList.swift in Sources */,
				24FAA2B826B93CAC0083FFAB /* CoreData.xcdatamodeld in Sources */,
				249477BC26CCF6D800E6FCC5 /* ExclusionListView.swift in Sources */,
				24A7DBD326D7F16C00AC3675 /* Bundle+icon.swift in Sources */,
				24500EEF26C6D95800F7BB7E /* GridView.swift in Sources */,
				24B224A226B5E6B4009EAB48 /* Action+Title.swift in Sources */,
				249477C626CEB96E00E6FCC5 /* Logger+.swift in Sources */,
				242CD6E926CFB147009DDDB0 /* Constants.swift in Sources */,
				24FAA2BB26B942540083FFAB /* GestureEntity+.swift in Sources */,
				241D8FC026BC7BDC00CBB381 /* SelectActionView.swift in Sources */,
				241D8FB926BC1F2200CBB381 /* Action+.swift in Sources */,
				242CD6F226CFD31D009DDDB0 /* ExclusionListService.swift in Sources */,
				240410B426DF8B3400851A2A /* InitialDataService.swift in Sources */,
				249477C326CEB75200E6FCC5 /* PersistentHistoryMerger.swift in Sources */,
				24B224AA26B5EEFC009EAB48 /* Vector+.swift in Sources */,
				2485834C26BCC2DE00A8836E /* SheetState.swift in Sources */,
				241D8FC226BC7E1600CBB381 /* RunJavascriptActionConfigView.swift in Sources */,
				245A016826B9A29200EEE8CD /* GestureTemplateButton.swift in Sources */,
				245A016626B9A24600EEE8CD /* NewGestureView.swift in Sources */,
				24FAA2BD26B943330083FFAB /* Error.swift in Sources */,
				24428E4426B3436A00B21130 /* HomeListView.swift in Sources */,
				24A7DBCF26D7ED7600AC3675 /* TutorialStep.swift in Sources */,
				24A7DBD126D7EF7000AC3675 /* TutorialView.swift in Sources */,
				249477CA26CEBC4500E6FCC5 /* PersistentHistoryCleaner.swift in Sources */,
				24B224A726B5EDE0009EAB48 /* PatternPreview.swift in Sources */,
				249477C826CEBA0D00E6FCC5 /* PersistentHistoryFetcher.swift in Sources */,
				249477BE26CEB38700E6FCC5 /* PersistentHistoryTracking.swift in Sources */,
				24428E1726B33E7600B21130 /* SvadilfariApp.swift in Sources */,
				24500EED26C6D81300F7BB7E /* NewGestureDrawerView.swift in Sources */,
				245A016126B9A07700EEE8CD /* UserDefaults.swift in Sources */,
				24B224A026B5E445009EAB48 /* GestureListItem.swift in Sources */,
				245A016D26B9CCCA00EEE8CD /* NewGesturePatternConfirmView.swift in Sources */,
				24D759CD26BC80960017498A /* NavigationLinkView.swift in Sources */,
				24428E4126B33F5400B21130 /* HomeListItem.swift in Sources */,
				24A19E2C26B34F9500DA5E20 /* GestureListView.swift in Sources */,
				24E29D0026B5F8A3003AF136 /* UIBezierPath+.swift in Sources */,
			);
			runOnlyForDeploymentPostprocessing = 0;
		};
		24428E1F26B33E7700B21130 /* Sources */ = {
			isa = PBXSourcesBuildPhase;
			buildActionMask = 2147483647;
			files = (
				242CD6F126CFD111009DDDB0 /* ExclusionListServiceTest.swift in Sources */,
				24428E2826B33E7700B21130 /* SvadilfariTests.swift in Sources */,
			);
			runOnlyForDeploymentPostprocessing = 0;
		};
		24428E2926B33E7700B21130 /* Sources */ = {
			isa = PBXSourcesBuildPhase;
			buildActionMask = 2147483647;
			files = (
				24428E3226B33E7700B21130 /* SvadilfariUITests.swift in Sources */,
			);
			runOnlyForDeploymentPostprocessing = 0;
		};
		24C11E4D26B4366B00E018B5 /* Sources */ = {
			isa = PBXSourcesBuildPhase;
			buildActionMask = 2147483647;
			files = (
				249477CF26CEBEA900E6FCC5 /* PersistentHistoryCleaner.swift in Sources */,
				249477CC26CEBE9E00E6FCC5 /* PersistentHistoryTracking.swift in Sources */,
				242CD6F526CFD6C1009DDDB0 /* CoreData.xcdatamodeld in Sources */,
				24F3686B26C35EA90092F583 /* SharedTypes.swift in Sources */,
				24F3686A26C35B1D0092F583 /* PersistenceController.swift in Sources */,
				242CD6EA26CFB228009DDDB0 /* UserDefaults.swift in Sources */,
				249477CB26CEBE9500E6FCC5 /* Logger+.swift in Sources */,
				24F3686C26C362A80092F583 /* GestureEntity+.swift in Sources */,
				24F3686F26C365C40092F583 /* URL+storeURL.swift in Sources */,
				24C11E5426B4366B00E018B5 /* SafariWebExtensionHandler.swift in Sources */,
				249477CD26CEBEA300E6FCC5 /* PersistentHistoryMerger.swift in Sources */,
				242CD6EB26CFB246009DDDB0 /* Constants.swift in Sources */,
				249477D026CEBEBF00E6FCC5 /* UserDefaults+transactionTimestamp.swift in Sources */,
				249477CE26CEBEA600E6FCC5 /* PersistentHistoryFetcher.swift in Sources */,
				242CD6EE26CFC6E0009DDDB0 /* ExclusionListService.swift in Sources */,
			);
			runOnlyForDeploymentPostprocessing = 0;
		};
/* End PBXSourcesBuildPhase section */

/* Begin PBXTargetDependency section */
		24428E2526B33E7700B21130 /* PBXTargetDependency */ = {
			isa = PBXTargetDependency;
			target = 24428E1226B33E7600B21130 /* Svadilfari */;
			targetProxy = 24428E2426B33E7700B21130 /* PBXContainerItemProxy */;
		};
		24428E2F26B33E7700B21130 /* PBXTargetDependency */ = {
			isa = PBXTargetDependency;
			target = 24428E1226B33E7600B21130 /* Svadilfari */;
			targetProxy = 24428E2E26B33E7700B21130 /* PBXContainerItemProxy */;
		};
		24C11E6826B4366B00E018B5 /* PBXTargetDependency */ = {
			isa = PBXTargetDependency;
			target = 24C11E5026B4366B00E018B5 /* SvadilfariExtension */;
			targetProxy = 24C11E6726B4366B00E018B5 /* PBXContainerItemProxy */;
		};
/* End PBXTargetDependency section */

/* Begin XCBuildConfiguration section */
		24428E3326B33E7700B21130 /* Debug */ = {
			isa = XCBuildConfiguration;
			buildSettings = {
				ALWAYS_SEARCH_USER_PATHS = NO;
				CLANG_ANALYZER_NONNULL = YES;
				CLANG_ANALYZER_NUMBER_OBJECT_CONVERSION = YES_AGGRESSIVE;
				CLANG_CXX_LANGUAGE_STANDARD = "gnu++17";
				CLANG_CXX_LIBRARY = "libc++";
				CLANG_ENABLE_MODULES = YES;
				CLANG_ENABLE_OBJC_ARC = YES;
				CLANG_ENABLE_OBJC_WEAK = YES;
				CLANG_WARN_BLOCK_CAPTURE_AUTORELEASING = YES;
				CLANG_WARN_BOOL_CONVERSION = YES;
				CLANG_WARN_COMMA = YES;
				CLANG_WARN_CONSTANT_CONVERSION = YES;
				CLANG_WARN_DEPRECATED_OBJC_IMPLEMENTATIONS = YES;
				CLANG_WARN_DIRECT_OBJC_ISA_USAGE = YES_ERROR;
				CLANG_WARN_DOCUMENTATION_COMMENTS = YES;
				CLANG_WARN_EMPTY_BODY = YES;
				CLANG_WARN_ENUM_CONVERSION = YES;
				CLANG_WARN_INFINITE_RECURSION = YES;
				CLANG_WARN_INT_CONVERSION = YES;
				CLANG_WARN_NON_LITERAL_NULL_CONVERSION = YES;
				CLANG_WARN_OBJC_IMPLICIT_RETAIN_SELF = YES;
				CLANG_WARN_OBJC_LITERAL_CONVERSION = YES;
				CLANG_WARN_OBJC_ROOT_CLASS = YES_ERROR;
				CLANG_WARN_QUOTED_INCLUDE_IN_FRAMEWORK_HEADER = YES;
				CLANG_WARN_RANGE_LOOP_ANALYSIS = YES;
				CLANG_WARN_STRICT_PROTOTYPES = YES;
				CLANG_WARN_SUSPICIOUS_MOVE = YES;
				CLANG_WARN_UNGUARDED_AVAILABILITY = YES_AGGRESSIVE;
				CLANG_WARN_UNREACHABLE_CODE = YES;
				CLANG_WARN__DUPLICATE_METHOD_MATCH = YES;
				COPY_PHASE_STRIP = NO;
				DEBUG_INFORMATION_FORMAT = dwarf;
				ENABLE_STRICT_OBJC_MSGSEND = YES;
				ENABLE_TESTABILITY = YES;
				GCC_C_LANGUAGE_STANDARD = gnu11;
				GCC_DYNAMIC_NO_PIC = NO;
				GCC_NO_COMMON_BLOCKS = YES;
				GCC_OPTIMIZATION_LEVEL = 0;
				GCC_PREPROCESSOR_DEFINITIONS = (
					"DEBUG=1",
					"$(inherited)",
				);
				GCC_WARN_64_TO_32_BIT_CONVERSION = YES;
				GCC_WARN_ABOUT_RETURN_TYPE = YES_ERROR;
				GCC_WARN_UNDECLARED_SELECTOR = YES;
				GCC_WARN_UNINITIALIZED_AUTOS = YES_AGGRESSIVE;
				GCC_WARN_UNUSED_FUNCTION = YES;
				GCC_WARN_UNUSED_VARIABLE = YES;
				IPHONEOS_DEPLOYMENT_TARGET = 15.0;
				MTL_ENABLE_DEBUG_INFO = INCLUDE_SOURCE;
				MTL_FAST_MATH = YES;
				ONLY_ACTIVE_ARCH = YES;
				SDKROOT = iphoneos;
				SWIFT_ACTIVE_COMPILATION_CONDITIONS = DEBUG;
				SWIFT_OPTIMIZATION_LEVEL = "-Onone";
			};
			name = Debug;
		};
		24428E3426B33E7700B21130 /* Release */ = {
			isa = XCBuildConfiguration;
			buildSettings = {
				ALWAYS_SEARCH_USER_PATHS = NO;
				CLANG_ANALYZER_NONNULL = YES;
				CLANG_ANALYZER_NUMBER_OBJECT_CONVERSION = YES_AGGRESSIVE;
				CLANG_CXX_LANGUAGE_STANDARD = "gnu++17";
				CLANG_CXX_LIBRARY = "libc++";
				CLANG_ENABLE_MODULES = YES;
				CLANG_ENABLE_OBJC_ARC = YES;
				CLANG_ENABLE_OBJC_WEAK = YES;
				CLANG_WARN_BLOCK_CAPTURE_AUTORELEASING = YES;
				CLANG_WARN_BOOL_CONVERSION = YES;
				CLANG_WARN_COMMA = YES;
				CLANG_WARN_CONSTANT_CONVERSION = YES;
				CLANG_WARN_DEPRECATED_OBJC_IMPLEMENTATIONS = YES;
				CLANG_WARN_DIRECT_OBJC_ISA_USAGE = YES_ERROR;
				CLANG_WARN_DOCUMENTATION_COMMENTS = YES;
				CLANG_WARN_EMPTY_BODY = YES;
				CLANG_WARN_ENUM_CONVERSION = YES;
				CLANG_WARN_INFINITE_RECURSION = YES;
				CLANG_WARN_INT_CONVERSION = YES;
				CLANG_WARN_NON_LITERAL_NULL_CONVERSION = YES;
				CLANG_WARN_OBJC_IMPLICIT_RETAIN_SELF = YES;
				CLANG_WARN_OBJC_LITERAL_CONVERSION = YES;
				CLANG_WARN_OBJC_ROOT_CLASS = YES_ERROR;
				CLANG_WARN_QUOTED_INCLUDE_IN_FRAMEWORK_HEADER = YES;
				CLANG_WARN_RANGE_LOOP_ANALYSIS = YES;
				CLANG_WARN_STRICT_PROTOTYPES = YES;
				CLANG_WARN_SUSPICIOUS_MOVE = YES;
				CLANG_WARN_UNGUARDED_AVAILABILITY = YES_AGGRESSIVE;
				CLANG_WARN_UNREACHABLE_CODE = YES;
				CLANG_WARN__DUPLICATE_METHOD_MATCH = YES;
				COPY_PHASE_STRIP = NO;
				DEBUG_INFORMATION_FORMAT = "dwarf-with-dsym";
				ENABLE_NS_ASSERTIONS = NO;
				ENABLE_STRICT_OBJC_MSGSEND = YES;
				GCC_C_LANGUAGE_STANDARD = gnu11;
				GCC_NO_COMMON_BLOCKS = YES;
				GCC_WARN_64_TO_32_BIT_CONVERSION = YES;
				GCC_WARN_ABOUT_RETURN_TYPE = YES_ERROR;
				GCC_WARN_UNDECLARED_SELECTOR = YES;
				GCC_WARN_UNINITIALIZED_AUTOS = YES_AGGRESSIVE;
				GCC_WARN_UNUSED_FUNCTION = YES;
				GCC_WARN_UNUSED_VARIABLE = YES;
				IPHONEOS_DEPLOYMENT_TARGET = 15.0;
				MTL_ENABLE_DEBUG_INFO = NO;
				MTL_FAST_MATH = YES;
				SDKROOT = iphoneos;
				SWIFT_COMPILATION_MODE = wholemodule;
				SWIFT_OPTIMIZATION_LEVEL = "-O";
				VALIDATE_PRODUCT = YES;
			};
			name = Release;
		};
		24428E3626B33E7700B21130 /* Debug */ = {
			isa = XCBuildConfiguration;
			buildSettings = {
				ALWAYS_EMBED_SWIFT_STANDARD_LIBRARIES = YES;
				ASSETCATALOG_COMPILER_APPICON_NAME = AppIcon;
				ASSETCATALOG_COMPILER_GLOBAL_ACCENT_COLOR_NAME = AccentColor;
				CODE_SIGN_ENTITLEMENTS = Svadilfari/Svadilfari.entitlements;
				CODE_SIGN_STYLE = Automatic;
				CURRENT_PROJECT_VERSION = 1;
				DEVELOPMENT_ASSET_PATHS = "\"Svadilfari/Preview Content\"";
				DEVELOPMENT_TEAM = TKVMG44U5W;
				ENABLE_PREVIEWS = YES;
				GENERATE_INFOPLIST_FILE = YES;
				INFOPLIST_KEY_UIApplicationSceneManifest_Generation = YES;
				INFOPLIST_KEY_UIApplicationSupportsIndirectInputEvents = YES;
				INFOPLIST_KEY_UILaunchScreen_Generation = YES;
				INFOPLIST_KEY_UISupportedInterfaceOrientations_iPad = "UIInterfaceOrientationPortrait UIInterfaceOrientationPortraitUpsideDown UIInterfaceOrientationLandscapeLeft UIInterfaceOrientationLandscapeRight";
				INFOPLIST_KEY_UISupportedInterfaceOrientations_iPhone = "UIInterfaceOrientationPortrait UIInterfaceOrientationLandscapeLeft UIInterfaceOrientationLandscapeRight";
				IPHONEOS_DEPLOYMENT_TARGET = 15.0;
				LD_RUNPATH_SEARCH_PATHS = (
					"$(inherited)",
					"@executable_path/Frameworks",
				);
				MARKETING_VERSION = 1.0;
				PRODUCT_BUNDLE_IDENTIFIER = "dev.shun-k.Svadilfari";
				PRODUCT_NAME = "$(TARGET_NAME)";
				SWIFT_EMIT_LOC_STRINGS = YES;
				SWIFT_VERSION = 5.0;
				TARGETED_DEVICE_FAMILY = "1,2";
			};
			name = Debug;
		};
		24428E3726B33E7700B21130 /* Release */ = {
			isa = XCBuildConfiguration;
			buildSettings = {
				ALWAYS_EMBED_SWIFT_STANDARD_LIBRARIES = YES;
				ASSETCATALOG_COMPILER_APPICON_NAME = AppIcon;
				ASSETCATALOG_COMPILER_GLOBAL_ACCENT_COLOR_NAME = AccentColor;
				CODE_SIGN_ENTITLEMENTS = Svadilfari/Svadilfari.entitlements;
				CODE_SIGN_STYLE = Automatic;
				CURRENT_PROJECT_VERSION = 1;
				DEVELOPMENT_ASSET_PATHS = "\"Svadilfari/Preview Content\"";
				DEVELOPMENT_TEAM = TKVMG44U5W;
				ENABLE_PREVIEWS = YES;
				GENERATE_INFOPLIST_FILE = YES;
				INFOPLIST_KEY_UIApplicationSceneManifest_Generation = YES;
				INFOPLIST_KEY_UIApplicationSupportsIndirectInputEvents = YES;
				INFOPLIST_KEY_UILaunchScreen_Generation = YES;
				INFOPLIST_KEY_UISupportedInterfaceOrientations_iPad = "UIInterfaceOrientationPortrait UIInterfaceOrientationPortraitUpsideDown UIInterfaceOrientationLandscapeLeft UIInterfaceOrientationLandscapeRight";
				INFOPLIST_KEY_UISupportedInterfaceOrientations_iPhone = "UIInterfaceOrientationPortrait UIInterfaceOrientationLandscapeLeft UIInterfaceOrientationLandscapeRight";
				IPHONEOS_DEPLOYMENT_TARGET = 15.0;
				LD_RUNPATH_SEARCH_PATHS = (
					"$(inherited)",
					"@executable_path/Frameworks",
				);
				MARKETING_VERSION = 1.0;
				PRODUCT_BUNDLE_IDENTIFIER = "dev.shun-k.Svadilfari";
				PRODUCT_NAME = "$(TARGET_NAME)";
				SWIFT_EMIT_LOC_STRINGS = YES;
				SWIFT_VERSION = 5.0;
				TARGETED_DEVICE_FAMILY = "1,2";
			};
			name = Release;
		};
		24428E3926B33E7700B21130 /* Debug */ = {
			isa = XCBuildConfiguration;
			buildSettings = {
				ALWAYS_EMBED_SWIFT_STANDARD_LIBRARIES = YES;
				BUNDLE_LOADER = "$(TEST_HOST)";
				CODE_SIGN_STYLE = Automatic;
				CURRENT_PROJECT_VERSION = 1;
				DEVELOPMENT_TEAM = TKVMG44U5W;
				GENERATE_INFOPLIST_FILE = YES;
				LD_RUNPATH_SEARCH_PATHS = (
					"$(inherited)",
					"@executable_path/Frameworks",
					"@loader_path/Frameworks",
				);
				MARKETING_VERSION = 1.0;
				PRODUCT_BUNDLE_IDENTIFIER = "dev.shun-k.SvadilfariTests";
				PRODUCT_NAME = "$(TARGET_NAME)";
				SWIFT_EMIT_LOC_STRINGS = NO;
				SWIFT_VERSION = 5.0;
				TARGETED_DEVICE_FAMILY = "1,2";
				TEST_HOST = "$(BUILT_PRODUCTS_DIR)/Svadilfari.app/Svadilfari";
			};
			name = Debug;
		};
		24428E3A26B33E7700B21130 /* Release */ = {
			isa = XCBuildConfiguration;
			buildSettings = {
				ALWAYS_EMBED_SWIFT_STANDARD_LIBRARIES = YES;
				BUNDLE_LOADER = "$(TEST_HOST)";
				CODE_SIGN_STYLE = Automatic;
				CURRENT_PROJECT_VERSION = 1;
				DEVELOPMENT_TEAM = TKVMG44U5W;
				GENERATE_INFOPLIST_FILE = YES;
				LD_RUNPATH_SEARCH_PATHS = (
					"$(inherited)",
					"@executable_path/Frameworks",
					"@loader_path/Frameworks",
				);
				MARKETING_VERSION = 1.0;
				PRODUCT_BUNDLE_IDENTIFIER = "dev.shun-k.SvadilfariTests";
				PRODUCT_NAME = "$(TARGET_NAME)";
				SWIFT_EMIT_LOC_STRINGS = NO;
				SWIFT_VERSION = 5.0;
				TARGETED_DEVICE_FAMILY = "1,2";
				TEST_HOST = "$(BUILT_PRODUCTS_DIR)/Svadilfari.app/Svadilfari";
			};
			name = Release;
		};
		24428E3C26B33E7700B21130 /* Debug */ = {
			isa = XCBuildConfiguration;
			buildSettings = {
				ALWAYS_EMBED_SWIFT_STANDARD_LIBRARIES = YES;
				CODE_SIGN_STYLE = Automatic;
				CURRENT_PROJECT_VERSION = 1;
				DEVELOPMENT_TEAM = TKVMG44U5W;
				GENERATE_INFOPLIST_FILE = YES;
				LD_RUNPATH_SEARCH_PATHS = (
					"$(inherited)",
					"@executable_path/Frameworks",
					"@loader_path/Frameworks",
				);
				MARKETING_VERSION = 1.0;
				PRODUCT_BUNDLE_IDENTIFIER = "dev.shun-k.SvadilfariUITests";
				PRODUCT_NAME = "$(TARGET_NAME)";
				SWIFT_EMIT_LOC_STRINGS = NO;
				SWIFT_VERSION = 5.0;
				TARGETED_DEVICE_FAMILY = "1,2";
				TEST_TARGET_NAME = Svadilfari;
			};
			name = Debug;
		};
		24428E3D26B33E7700B21130 /* Release */ = {
			isa = XCBuildConfiguration;
			buildSettings = {
				ALWAYS_EMBED_SWIFT_STANDARD_LIBRARIES = YES;
				CODE_SIGN_STYLE = Automatic;
				CURRENT_PROJECT_VERSION = 1;
				DEVELOPMENT_TEAM = TKVMG44U5W;
				GENERATE_INFOPLIST_FILE = YES;
				LD_RUNPATH_SEARCH_PATHS = (
					"$(inherited)",
					"@executable_path/Frameworks",
					"@loader_path/Frameworks",
				);
				MARKETING_VERSION = 1.0;
				PRODUCT_BUNDLE_IDENTIFIER = "dev.shun-k.SvadilfariUITests";
				PRODUCT_NAME = "$(TARGET_NAME)";
				SWIFT_EMIT_LOC_STRINGS = NO;
				SWIFT_VERSION = 5.0;
				TARGETED_DEVICE_FAMILY = "1,2";
				TEST_TARGET_NAME = Svadilfari;
			};
			name = Release;
		};
		24C11E6B26B4366B00E018B5 /* Debug */ = {
			isa = XCBuildConfiguration;
			buildSettings = {
				CODE_SIGN_ENTITLEMENTS = SvadilfariExtension/SvadilfariExtension.entitlements;
				CODE_SIGN_STYLE = Automatic;
				CURRENT_PROJECT_VERSION = 1;
				DEVELOPMENT_TEAM = TKVMG44U5W;
				GENERATE_INFOPLIST_FILE = YES;
				INFOPLIST_FILE = SvadilfariExtension/Info.plist;
				INFOPLIST_KEY_CFBundleDisplayName = Svadilfari;
				INFOPLIST_KEY_NSHumanReadableCopyright = "";
				IPHONEOS_DEPLOYMENT_TARGET = 15.0;
				LD_RUNPATH_SEARCH_PATHS = (
					"$(inherited)",
					"@executable_path/Frameworks",
					"@executable_path/../../Frameworks",
				);
				MARKETING_VERSION = 1.0;
				PRODUCT_BUNDLE_IDENTIFIER = "dev.shun-k.Svadilfari.SvadilfariExtension";
				PRODUCT_NAME = "$(TARGET_NAME)";
				SKIP_INSTALL = YES;
				SWIFT_EMIT_LOC_STRINGS = YES;
				SWIFT_VERSION = 5.0;
				TARGETED_DEVICE_FAMILY = "1,2";
			};
			name = Debug;
		};
		24C11E6C26B4366B00E018B5 /* Release */ = {
			isa = XCBuildConfiguration;
			buildSettings = {
				CODE_SIGN_ENTITLEMENTS = SvadilfariExtension/SvadilfariExtension.entitlements;
				CODE_SIGN_STYLE = Automatic;
				CURRENT_PROJECT_VERSION = 1;
				DEVELOPMENT_TEAM = TKVMG44U5W;
				GENERATE_INFOPLIST_FILE = YES;
				INFOPLIST_FILE = SvadilfariExtension/Info.plist;
				INFOPLIST_KEY_CFBundleDisplayName = Svadilfari;
				INFOPLIST_KEY_NSHumanReadableCopyright = "";
				IPHONEOS_DEPLOYMENT_TARGET = 15.0;
				LD_RUNPATH_SEARCH_PATHS = (
					"$(inherited)",
					"@executable_path/Frameworks",
					"@executable_path/../../Frameworks",
				);
				MARKETING_VERSION = 1.0;
				PRODUCT_BUNDLE_IDENTIFIER = "dev.shun-k.Svadilfari.SvadilfariExtension";
				PRODUCT_NAME = "$(TARGET_NAME)";
				SKIP_INSTALL = YES;
				SWIFT_EMIT_LOC_STRINGS = YES;
				SWIFT_VERSION = 5.0;
				TARGETED_DEVICE_FAMILY = "1,2";
			};
			name = Release;
		};
/* End XCBuildConfiguration section */

/* Begin XCConfigurationList section */
		24428E0E26B33E7600B21130 /* Build configuration list for PBXProject "Svadilfari" */ = {
			isa = XCConfigurationList;
			buildConfigurations = (
				24428E3326B33E7700B21130 /* Debug */,
				24428E3426B33E7700B21130 /* Release */,
			);
			defaultConfigurationIsVisible = 0;
			defaultConfigurationName = Release;
		};
		24428E3526B33E7700B21130 /* Build configuration list for PBXNativeTarget "Svadilfari" */ = {
			isa = XCConfigurationList;
			buildConfigurations = (
				24428E3626B33E7700B21130 /* Debug */,
				24428E3726B33E7700B21130 /* Release */,
			);
			defaultConfigurationIsVisible = 0;
			defaultConfigurationName = Release;
		};
		24428E3826B33E7700B21130 /* Build configuration list for PBXNativeTarget "SvadilfariTests" */ = {
			isa = XCConfigurationList;
			buildConfigurations = (
				24428E3926B33E7700B21130 /* Debug */,
				24428E3A26B33E7700B21130 /* Release */,
			);
			defaultConfigurationIsVisible = 0;
			defaultConfigurationName = Release;
		};
		24428E3B26B33E7700B21130 /* Build configuration list for PBXNativeTarget "SvadilfariUITests" */ = {
			isa = XCConfigurationList;
			buildConfigurations = (
				24428E3C26B33E7700B21130 /* Debug */,
				24428E3D26B33E7700B21130 /* Release */,
			);
			defaultConfigurationIsVisible = 0;
			defaultConfigurationName = Release;
		};
		24C11E6A26B4366B00E018B5 /* Build configuration list for PBXNativeTarget "SvadilfariExtension" */ = {
			isa = XCConfigurationList;
			buildConfigurations = (
				24C11E6B26B4366B00E018B5 /* Debug */,
				24C11E6C26B4366B00E018B5 /* Release */,
			);
			defaultConfigurationIsVisible = 0;
			defaultConfigurationName = Release;
		};
/* End XCConfigurationList section */

/* Begin XCVersionGroup section */
		24FAA2B626B93CAC0083FFAB /* CoreData.xcdatamodeld */ = {
			isa = XCVersionGroup;
			children = (
				24FAA2B726B93CAC0083FFAB /* Gesture.xcdatamodel */,
			);
			currentVersion = 24FAA2B726B93CAC0083FFAB /* Gesture.xcdatamodel */;
			path = CoreData.xcdatamodeld;
			sourceTree = "<group>";
			versionGroupType = wrapper.xcdatamodel;
		};
/* End XCVersionGroup section */
	};
	rootObject = 24428E0B26B33E7600B21130 /* Project object */;
}
