// !$*UTF8*$!
{
	archiveVersion = 1;
	classes = {
	};
	objectVersion = 55;
	objects = {

/* Begin PBXBuildFile section */
		24428E1726B33E7600B21130 /* SvadilfariApp.swift in Sources */ = {isa = PBXBuildFile; fileRef = 24428E1626B33E7600B21130 /* SvadilfariApp.swift */; };
		24428E1926B33E7600B21130 /* ContentView.swift in Sources */ = {isa = PBXBuildFile; fileRef = 24428E1826B33E7600B21130 /* ContentView.swift */; };
		24428E1B26B33E7700B21130 /* Assets.xcassets in Resources */ = {isa = PBXBuildFile; fileRef = 24428E1A26B33E7700B21130 /* Assets.xcassets */; };
		24428E1E26B33E7700B21130 /* Preview Assets.xcassets in Resources */ = {isa = PBXBuildFile; fileRef = 24428E1D26B33E7700B21130 /* Preview Assets.xcassets */; };
		24428E2826B33E7700B21130 /* SvadilfariTests.swift in Sources */ = {isa = PBXBuildFile; fileRef = 24428E2726B33E7700B21130 /* SvadilfariTests.swift */; };
		24428E3226B33E7700B21130 /* SvadilfariUITests.swift in Sources */ = {isa = PBXBuildFile; fileRef = 24428E3126B33E7700B21130 /* SvadilfariUITests.swift */; };
		24428E4126B33F5400B21130 /* HomeListItem.swift in Sources */ = {isa = PBXBuildFile; fileRef = 24428E4026B33F5400B21130 /* HomeListItem.swift */; };
		24428E4426B3436A00B21130 /* HomeListView.swift in Sources */ = {isa = PBXBuildFile; fileRef = 24428E4326B3436A00B21130 /* HomeListView.swift */; };
		24A19E2C26B34F9500DA5E20 /* GestureListView.swift in Sources */ = {isa = PBXBuildFile; fileRef = 24A19E2B26B34F9500DA5E20 /* GestureListView.swift */; };
/* End PBXBuildFile section */

/* Begin PBXContainerItemProxy section */
		24428E2426B33E7700B21130 /* PBXContainerItemProxy */ = {
			isa = PBXContainerItemProxy;
			containerPortal = 24428E0B26B33E7600B21130 /* Project object */;
			proxyType = 1;
			remoteGlobalIDString = 24428E1226B33E7600B21130;
			remoteInfo = Svadilfari;
		};
		24428E2E26B33E7700B21130 /* PBXContainerItemProxy */ = {
			isa = PBXContainerItemProxy;
			containerPortal = 24428E0B26B33E7600B21130 /* Project object */;
			proxyType = 1;
			remoteGlobalIDString = 24428E1226B33E7600B21130;
			remoteInfo = Svadilfari;
		};
/* End PBXContainerItemProxy section */

/* Begin PBXFileReference section */
		24428E1326B33E7600B21130 /* Svadilfari.app */ = {isa = PBXFileReference; explicitFileType = wrapper.application; includeInIndex = 0; path = Svadilfari.app; sourceTree = BUILT_PRODUCTS_DIR; };
		24428E1626B33E7600B21130 /* SvadilfariApp.swift */ = {isa = PBXFileReference; lastKnownFileType = sourcecode.swift; path = SvadilfariApp.swift; sourceTree = "<group>"; };
		24428E1826B33E7600B21130 /* ContentView.swift */ = {isa = PBXFileReference; lastKnownFileType = sourcecode.swift; path = ContentView.swift; sourceTree = "<group>"; };
		24428E1A26B33E7700B21130 /* Assets.xcassets */ = {isa = PBXFileReference; lastKnownFileType = folder.assetcatalog; path = Assets.xcassets; sourceTree = "<group>"; };
		24428E1D26B33E7700B21130 /* Preview Assets.xcassets */ = {isa = PBXFileReference; lastKnownFileType = folder.assetcatalog; path = "Preview Assets.xcassets"; sourceTree = "<group>"; };
		24428E2326B33E7700B21130 /* SvadilfariTests.xctest */ = {isa = PBXFileReference; explicitFileType = wrapper.cfbundle; includeInIndex = 0; path = SvadilfariTests.xctest; sourceTree = BUILT_PRODUCTS_DIR; };
		24428E2726B33E7700B21130 /* SvadilfariTests.swift */ = {isa = PBXFileReference; lastKnownFileType = sourcecode.swift; path = SvadilfariTests.swift; sourceTree = "<group>"; };
		24428E2D26B33E7700B21130 /* SvadilfariUITests.xctest */ = {isa = PBXFileReference; explicitFileType = wrapper.cfbundle; includeInIndex = 0; path = SvadilfariUITests.xctest; sourceTree = BUILT_PRODUCTS_DIR; };
		24428E3126B33E7700B21130 /* SvadilfariUITests.swift */ = {isa = PBXFileReference; lastKnownFileType = sourcecode.swift; path = SvadilfariUITests.swift; sourceTree = "<group>"; };
		24428E4026B33F5400B21130 /* HomeListItem.swift */ = {isa = PBXFileReference; lastKnownFileType = sourcecode.swift; path = HomeListItem.swift; sourceTree = "<group>"; };
		24428E4326B3436A00B21130 /* HomeListView.swift */ = {isa = PBXFileReference; lastKnownFileType = sourcecode.swift; path = HomeListView.swift; sourceTree = "<group>"; };
		24A19E2B26B34F9500DA5E20 /* GestureListView.swift */ = {isa = PBXFileReference; lastKnownFileType = sourcecode.swift; path = GestureListView.swift; sourceTree = "<group>"; };
/* End PBXFileReference section */

/* Begin PBXFrameworksBuildPhase section */
		24428E1026B33E7600B21130 /* Frameworks */ = {
			isa = PBXFrameworksBuildPhase;
			buildActionMask = 2147483647;
			files = (
			);
			runOnlyForDeploymentPostprocessing = 0;
		};
		24428E2026B33E7700B21130 /* Frameworks */ = {
			isa = PBXFrameworksBuildPhase;
			buildActionMask = 2147483647;
			files = (
			);
			runOnlyForDeploymentPostprocessing = 0;
		};
		24428E2A26B33E7700B21130 /* Frameworks */ = {
			isa = PBXFrameworksBuildPhase;
			buildActionMask = 2147483647;
			files = (
			);
			runOnlyForDeploymentPostprocessing = 0;
		};
/* End PBXFrameworksBuildPhase section */

/* Begin PBXGroup section */
		24428E0A26B33E7600B21130 = {
			isa = PBXGroup;
			children = (
				24428E1526B33E7600B21130 /* Svadilfari */,
				24428E2626B33E7700B21130 /* SvadilfariTests */,
				24428E3026B33E7700B21130 /* SvadilfariUITests */,
				24428E1426B33E7600B21130 /* Products */,
			);
			sourceTree = "<group>";
		};
		24428E1426B33E7600B21130 /* Products */ = {
			isa = PBXGroup;
			children = (
				24428E1326B33E7600B21130 /* Svadilfari.app */,
				24428E2326B33E7700B21130 /* SvadilfariTests.xctest */,
				24428E2D26B33E7700B21130 /* SvadilfariUITests.xctest */,
			);
			name = Products;
			sourceTree = "<group>";
		};
		24428E1526B33E7600B21130 /* Svadilfari */ = {
			isa = PBXGroup;
			children = (
				24428E3E26B33F2A00B21130 /* UI */,
				24428E1626B33E7600B21130 /* SvadilfariApp.swift */,
				24428E1A26B33E7700B21130 /* Assets.xcassets */,
				24428E1C26B33E7700B21130 /* Preview Content */,
			);
			path = Svadilfari;
			sourceTree = "<group>";
		};
		24428E1C26B33E7700B21130 /* Preview Content */ = {
			isa = PBXGroup;
			children = (
				24428E1D26B33E7700B21130 /* Preview Assets.xcassets */,
			);
			path = "Preview Content";
			sourceTree = "<group>";
		};
		24428E2626B33E7700B21130 /* SvadilfariTests */ = {
			isa = PBXGroup;
			children = (
				24428E2726B33E7700B21130 /* SvadilfariTests.swift */,
			);
			path = SvadilfariTests;
			sourceTree = "<group>";
		};
		24428E3026B33E7700B21130 /* SvadilfariUITests */ = {
			isa = PBXGroup;
			children = (
				24428E3126B33E7700B21130 /* SvadilfariUITests.swift */,
			);
			path = SvadilfariUITests;
			sourceTree = "<group>";
		};
		24428E3E26B33F2A00B21130 /* UI */ = {
			isa = PBXGroup;
			children = (
				24428E4226B3435700B21130 /* Views */,
				24428E3F26B33F3D00B21130 /* Components */,
				24428E1826B33E7600B21130 /* ContentView.swift */,
			);
			path = UI;
			sourceTree = "<group>";
		};
		24428E3F26B33F3D00B21130 /* Components */ = {
			isa = PBXGroup;
			children = (
				24428E4026B33F5400B21130 /* HomeListItem.swift */,
			);
			path = Components;
			sourceTree = "<group>";
		};
		24428E4226B3435700B21130 /* Views */ = {
			isa = PBXGroup;
			children = (
				24428E4326B3436A00B21130 /* HomeListView.swift */,
				24A19E2B26B34F9500DA5E20 /* GestureListView.swift */,
			);
			path = Views;
			sourceTree = "<group>";
		};
/* End PBXGroup section */

/* Begin PBXNativeTarget section */
		24428E1226B33E7600B21130 /* Svadilfari */ = {
			isa = PBXNativeTarget;
			buildConfigurationList = 24428E3526B33E7700B21130 /* Build configuration list for PBXNativeTarget "Svadilfari" */;
			buildPhases = (
				24428E0F26B33E7600B21130 /* Sources */,
				24428E1026B33E7600B21130 /* Frameworks */,
				24428E1126B33E7600B21130 /* Resources */,
			);
			buildRules = (
			);
			dependencies = (
			);
			name = Svadilfari;
			productName = Svadilfari;
			productReference = 24428E1326B33E7600B21130 /* Svadilfari.app */;
			productType = "com.apple.product-type.application";
		};
		24428E2226B33E7700B21130 /* SvadilfariTests */ = {
			isa = PBXNativeTarget;
			buildConfigurationList = 24428E3826B33E7700B21130 /* Build configuration list for PBXNativeTarget "SvadilfariTests" */;
			buildPhases = (
				24428E1F26B33E7700B21130 /* Sources */,
				24428E2026B33E7700B21130 /* Frameworks */,
				24428E2126B33E7700B21130 /* Resources */,
			);
			buildRules = (
			);
			dependencies = (
				24428E2526B33E7700B21130 /* PBXTargetDependency */,
			);
			name = SvadilfariTests;
			productName = SvadilfariTests;
			productReference = 24428E2326B33E7700B21130 /* SvadilfariTests.xctest */;
			productType = "com.apple.product-type.bundle.unit-test";
		};
		24428E2C26B33E7700B21130 /* SvadilfariUITests */ = {
			isa = PBXNativeTarget;
			buildConfigurationList = 24428E3B26B33E7700B21130 /* Build configuration list for PBXNativeTarget "SvadilfariUITests" */;
			buildPhases = (
				24428E2926B33E7700B21130 /* Sources */,
				24428E2A26B33E7700B21130 /* Frameworks */,
				24428E2B26B33E7700B21130 /* Resources */,
			);
			buildRules = (
			);
			dependencies = (
				24428E2F26B33E7700B21130 /* PBXTargetDependency */,
			);
			name = SvadilfariUITests;
			productName = SvadilfariUITests;
			productReference = 24428E2D26B33E7700B21130 /* SvadilfariUITests.xctest */;
			productType = "com.apple.product-type.bundle.ui-testing";
		};
/* End PBXNativeTarget section */

/* Begin PBXProject section */
		24428E0B26B33E7600B21130 /* Project object */ = {
			isa = PBXProject;
			attributes = {
				BuildIndependentTargetsInParallel = 1;
				LastSwiftUpdateCheck = 1300;
				LastUpgradeCheck = 1300;
				TargetAttributes = {
					24428E1226B33E7600B21130 = {
						CreatedOnToolsVersion = 13.0;
					};
					24428E2226B33E7700B21130 = {
						CreatedOnToolsVersion = 13.0;
						TestTargetID = 24428E1226B33E7600B21130;
					};
					24428E2C26B33E7700B21130 = {
						CreatedOnToolsVersion = 13.0;
						TestTargetID = 24428E1226B33E7600B21130;
					};
				};
			};
			buildConfigurationList = 24428E0E26B33E7600B21130 /* Build configuration list for PBXProject "Svadilfari" */;
			compatibilityVersion = "Xcode 13.0";
			developmentRegion = en;
			hasScannedForEncodings = 0;
			knownRegions = (
				en,
				Base,
			);
			mainGroup = 24428E0A26B33E7600B21130;
			productRefGroup = 24428E1426B33E7600B21130 /* Products */;
			projectDirPath = "";
			projectRoot = "";
			targets = (
				24428E1226B33E7600B21130 /* Svadilfari */,
				24428E2226B33E7700B21130 /* SvadilfariTests */,
				24428E2C26B33E7700B21130 /* SvadilfariUITests */,
			);
		};
/* End PBXProject section */

/* Begin PBXResourcesBuildPhase section */
		24428E1126B33E7600B21130 /* Resources */ = {
			isa = PBXResourcesBuildPhase;
			buildActionMask = 2147483647;
			files = (
				24428E1E26B33E7700B21130 /* Preview Assets.xcassets in Resources */,
				24428E1B26B33E7700B21130 /* Assets.xcassets in Resources */,
			);
			runOnlyForDeploymentPostprocessing = 0;
		};
		24428E2126B33E7700B21130 /* Resources */ = {
			isa = PBXResourcesBuildPhase;
			buildActionMask = 2147483647;
			files = (
			);
			runOnlyForDeploymentPostprocessing = 0;
		};
		24428E2B26B33E7700B21130 /* Resources */ = {
			isa = PBXResourcesBuildPhase;
			buildActionMask = 2147483647;
			files = (
			);
			runOnlyForDeploymentPostprocessing = 0;
		};
/* End PBXResourcesBuildPhase section */

/* Begin PBXSourcesBuildPhase section */
		24428E0F26B33E7600B21130 /* Sources */ = {
			isa = PBXSourcesBuildPhase;
			buildActionMask = 2147483647;
			files = (
				24428E1926B33E7600B21130 /* ContentView.swift in Sources */,
				24428E4426B3436A00B21130 /* HomeListView.swift in Sources */,
				24428E1726B33E7600B21130 /* SvadilfariApp.swift in Sources */,
				24428E4126B33F5400B21130 /* HomeListItem.swift in Sources */,
				24A19E2C26B34F9500DA5E20 /* GestureListView.swift in Sources */,
			);
			runOnlyForDeploymentPostprocessing = 0;
		};
		24428E1F26B33E7700B21130 /* Sources */ = {
			isa = PBXSourcesBuildPhase;
			buildActionMask = 2147483647;
			files = (
				24428E2826B33E7700B21130 /* SvadilfariTests.swift in Sources */,
			);
			runOnlyForDeploymentPostprocessing = 0;
		};
		24428E2926B33E7700B21130 /* Sources */ = {
			isa = PBXSourcesBuildPhase;
			buildActionMask = 2147483647;
			files = (
				24428E3226B33E7700B21130 /* SvadilfariUITests.swift in Sources */,
			);
			runOnlyForDeploymentPostprocessing = 0;
		};
/* End PBXSourcesBuildPhase section */

/* Begin PBXTargetDependency section */
		24428E2526B33E7700B21130 /* PBXTargetDependency */ = {
			isa = PBXTargetDependency;
			target = 24428E1226B33E7600B21130 /* Svadilfari */;
			targetProxy = 24428E2426B33E7700B21130 /* PBXContainerItemProxy */;
		};
		24428E2F26B33E7700B21130 /* PBXTargetDependency */ = {
			isa = PBXTargetDependency;
			target = 24428E1226B33E7600B21130 /* Svadilfari */;
			targetProxy = 24428E2E26B33E7700B21130 /* PBXContainerItemProxy */;
		};
/* End PBXTargetDependency section */

/* Begin XCBuildConfiguration section */
		24428E3326B33E7700B21130 /* Debug */ = {
			isa = XCBuildConfiguration;
			buildSettings = {
				ALWAYS_SEARCH_USER_PATHS = NO;
				CLANG_ANALYZER_NONNULL = YES;
				CLANG_ANALYZER_NUMBER_OBJECT_CONVERSION = YES_AGGRESSIVE;
				CLANG_CXX_LANGUAGE_STANDARD = "gnu++17";
				CLANG_CXX_LIBRARY = "libc++";
				CLANG_ENABLE_MODULES = YES;
				CLANG_ENABLE_OBJC_ARC = YES;
				CLANG_ENABLE_OBJC_WEAK = YES;
				CLANG_WARN_BLOCK_CAPTURE_AUTORELEASING = YES;
				CLANG_WARN_BOOL_CONVERSION = YES;
				CLANG_WARN_COMMA = YES;
				CLANG_WARN_CONSTANT_CONVERSION = YES;
				CLANG_WARN_DEPRECATED_OBJC_IMPLEMENTATIONS = YES;
				CLANG_WARN_DIRECT_OBJC_ISA_USAGE = YES_ERROR;
				CLANG_WARN_DOCUMENTATION_COMMENTS = YES;
				CLANG_WARN_EMPTY_BODY = YES;
				CLANG_WARN_ENUM_CONVERSION = YES;
				CLANG_WARN_INFINITE_RECURSION = YES;
				CLANG_WARN_INT_CONVERSION = YES;
				CLANG_WARN_NON_LITERAL_NULL_CONVERSION = YES;
				CLANG_WARN_OBJC_IMPLICIT_RETAIN_SELF = YES;
				CLANG_WARN_OBJC_LITERAL_CONVERSION = YES;
				CLANG_WARN_OBJC_ROOT_CLASS = YES_ERROR;
				CLANG_WARN_QUOTED_INCLUDE_IN_FRAMEWORK_HEADER = YES;
				CLANG_WARN_RANGE_LOOP_ANALYSIS = YES;
				CLANG_WARN_STRICT_PROTOTYPES = YES;
				CLANG_WARN_SUSPICIOUS_MOVE = YES;
				CLANG_WARN_UNGUARDED_AVAILABILITY = YES_AGGRESSIVE;
				CLANG_WARN_UNREACHABLE_CODE = YES;
				CLANG_WARN__DUPLICATE_METHOD_MATCH = YES;
				COPY_PHASE_STRIP = NO;
				DEBUG_INFORMATION_FORMAT = dwarf;
				ENABLE_STRICT_OBJC_MSGSEND = YES;
				ENABLE_TESTABILITY = YES;
				GCC_C_LANGUAGE_STANDARD = gnu11;
				GCC_DYNAMIC_NO_PIC = NO;
				GCC_NO_COMMON_BLOCKS = YES;
				GCC_OPTIMIZATION_LEVEL = 0;
				GCC_PREPROCESSOR_DEFINITIONS = (
					"DEBUG=1",
					"$(inherited)",
				);
				GCC_WARN_64_TO_32_BIT_CONVERSION = YES;
				GCC_WARN_ABOUT_RETURN_TYPE = YES_ERROR;
				GCC_WARN_UNDECLARED_SELECTOR = YES;
				GCC_WARN_UNINITIALIZED_AUTOS = YES_AGGRESSIVE;
				GCC_WARN_UNUSED_FUNCTION = YES;
				GCC_WARN_UNUSED_VARIABLE = YES;
				IPHONEOS_DEPLOYMENT_TARGET = 15.0;
				MTL_ENABLE_DEBUG_INFO = INCLUDE_SOURCE;
				MTL_FAST_MATH = YES;
				ONLY_ACTIVE_ARCH = YES;
				SDKROOT = iphoneos;
				SWIFT_ACTIVE_COMPILATION_CONDITIONS = DEBUG;
				SWIFT_OPTIMIZATION_LEVEL = "-Onone";
			};
			name = Debug;
		};
		24428E3426B33E7700B21130 /* Release */ = {
			isa = XCBuildConfiguration;
			buildSettings = {
				ALWAYS_SEARCH_USER_PATHS = NO;
				CLANG_ANALYZER_NONNULL = YES;
				CLANG_ANALYZER_NUMBER_OBJECT_CONVERSION = YES_AGGRESSIVE;
				CLANG_CXX_LANGUAGE_STANDARD = "gnu++17";
				CLANG_CXX_LIBRARY = "libc++";
				CLANG_ENABLE_MODULES = YES;
				CLANG_ENABLE_OBJC_ARC = YES;
				CLANG_ENABLE_OBJC_WEAK = YES;
				CLANG_WARN_BLOCK_CAPTURE_AUTORELEASING = YES;
				CLANG_WARN_BOOL_CONVERSION = YES;
				CLANG_WARN_COMMA = YES;
				CLANG_WARN_CONSTANT_CONVERSION = YES;
				CLANG_WARN_DEPRECATED_OBJC_IMPLEMENTATIONS = YES;
				CLANG_WARN_DIRECT_OBJC_ISA_USAGE = YES_ERROR;
				CLANG_WARN_DOCUMENTATION_COMMENTS = YES;
				CLANG_WARN_EMPTY_BODY = YES;
				CLANG_WARN_ENUM_CONVERSION = YES;
				CLANG_WARN_INFINITE_RECURSION = YES;
				CLANG_WARN_INT_CONVERSION = YES;
				CLANG_WARN_NON_LITERAL_NULL_CONVERSION = YES;
				CLANG_WARN_OBJC_IMPLICIT_RETAIN_SELF = YES;
				CLANG_WARN_OBJC_LITERAL_CONVERSION = YES;
				CLANG_WARN_OBJC_ROOT_CLASS = YES_ERROR;
				CLANG_WARN_QUOTED_INCLUDE_IN_FRAMEWORK_HEADER = YES;
				CLANG_WARN_RANGE_LOOP_ANALYSIS = YES;
				CLANG_WARN_STRICT_PROTOTYPES = YES;
				CLANG_WARN_SUSPICIOUS_MOVE = YES;
				CLANG_WARN_UNGUARDED_AVAILABILITY = YES_AGGRESSIVE;
				CLANG_WARN_UNREACHABLE_CODE = YES;
				CLANG_WARN__DUPLICATE_METHOD_MATCH = YES;
				COPY_PHASE_STRIP = NO;
				DEBUG_INFORMATION_FORMAT = "dwarf-with-dsym";
				ENABLE_NS_ASSERTIONS = NO;
				ENABLE_STRICT_OBJC_MSGSEND = YES;
				GCC_C_LANGUAGE_STANDARD = gnu11;
				GCC_NO_COMMON_BLOCKS = YES;
				GCC_WARN_64_TO_32_BIT_CONVERSION = YES;
				GCC_WARN_ABOUT_RETURN_TYPE = YES_ERROR;
				GCC_WARN_UNDECLARED_SELECTOR = YES;
				GCC_WARN_UNINITIALIZED_AUTOS = YES_AGGRESSIVE;
				GCC_WARN_UNUSED_FUNCTION = YES;
				GCC_WARN_UNUSED_VARIABLE = YES;
				IPHONEOS_DEPLOYMENT_TARGET = 15.0;
				MTL_ENABLE_DEBUG_INFO = NO;
				MTL_FAST_MATH = YES;
				SDKROOT = iphoneos;
				SWIFT_COMPILATION_MODE = wholemodule;
				SWIFT_OPTIMIZATION_LEVEL = "-O";
				VALIDATE_PRODUCT = YES;
			};
			name = Release;
		};
		24428E3626B33E7700B21130 /* Debug */ = {
			isa = XCBuildConfiguration;
			buildSettings = {
				ASSETCATALOG_COMPILER_APPICON_NAME = AppIcon;
				ASSETCATALOG_COMPILER_GLOBAL_ACCENT_COLOR_NAME = AccentColor;
				CODE_SIGN_STYLE = Automatic;
				CURRENT_PROJECT_VERSION = 1;
				DEVELOPMENT_ASSET_PATHS = "\"Svadilfari/Preview Content\"";
				DEVELOPMENT_TEAM = TKVMG44U5W;
				ENABLE_PREVIEWS = YES;
				GENERATE_INFOPLIST_FILE = YES;
				INFOPLIST_KEY_UIApplicationSceneManifest_Generation = YES;
				INFOPLIST_KEY_UIApplicationSupportsIndirectInputEvents = YES;
				INFOPLIST_KEY_UILaunchScreen_Generation = YES;
				INFOPLIST_KEY_UISupportedInterfaceOrientations_iPad = "UIInterfaceOrientationPortrait UIInterfaceOrientationPortraitUpsideDown UIInterfaceOrientationLandscapeLeft UIInterfaceOrientationLandscapeRight";
				INFOPLIST_KEY_UISupportedInterfaceOrientations_iPhone = "UIInterfaceOrientationPortrait UIInterfaceOrientationLandscapeLeft UIInterfaceOrientationLandscapeRight";
				IPHONEOS_DEPLOYMENT_TARGET = 14.0;
				LD_RUNPATH_SEARCH_PATHS = (
					"$(inherited)",
					"@executable_path/Frameworks",
				);
				MARKETING_VERSION = 1.0;
				PRODUCT_BUNDLE_IDENTIFIER = "dev.shun-k.Svadilfari";
				PRODUCT_NAME = "$(TARGET_NAME)";
				SWIFT_EMIT_LOC_STRINGS = YES;
				SWIFT_VERSION = 5.0;
				TARGETED_DEVICE_FAMILY = "1,2";
			};
			name = Debug;
		};
		24428E3726B33E7700B21130 /* Release */ = {
			isa = XCBuildConfiguration;
			buildSettings = {
				ASSETCATALOG_COMPILER_APPICON_NAME = AppIcon;
				ASSETCATALOG_COMPILER_GLOBAL_ACCENT_COLOR_NAME = AccentColor;
				CODE_SIGN_STYLE = Automatic;
				CURRENT_PROJECT_VERSION = 1;
				DEVELOPMENT_ASSET_PATHS = "\"Svadilfari/Preview Content\"";
				DEVELOPMENT_TEAM = TKVMG44U5W;
				ENABLE_PREVIEWS = YES;
				GENERATE_INFOPLIST_FILE = YES;
				INFOPLIST_KEY_UIApplicationSceneManifest_Generation = YES;
				INFOPLIST_KEY_UIApplicationSupportsIndirectInputEvents = YES;
				INFOPLIST_KEY_UILaunchScreen_Generation = YES;
				INFOPLIST_KEY_UISupportedInterfaceOrientations_iPad = "UIInterfaceOrientationPortrait UIInterfaceOrientationPortraitUpsideDown UIInterfaceOrientationLandscapeLeft UIInterfaceOrientationLandscapeRight";
				INFOPLIST_KEY_UISupportedInterfaceOrientations_iPhone = "UIInterfaceOrientationPortrait UIInterfaceOrientationLandscapeLeft UIInterfaceOrientationLandscapeRight";
				IPHONEOS_DEPLOYMENT_TARGET = 14.0;
				LD_RUNPATH_SEARCH_PATHS = (
					"$(inherited)",
					"@executable_path/Frameworks",
				);
				MARKETING_VERSION = 1.0;
				PRODUCT_BUNDLE_IDENTIFIER = "dev.shun-k.Svadilfari";
				PRODUCT_NAME = "$(TARGET_NAME)";
				SWIFT_EMIT_LOC_STRINGS = YES;
				SWIFT_VERSION = 5.0;
				TARGETED_DEVICE_FAMILY = "1,2";
			};
			name = Release;
		};
		24428E3926B33E7700B21130 /* Debug */ = {
			isa = XCBuildConfiguration;
			buildSettings = {
				ALWAYS_EMBED_SWIFT_STANDARD_LIBRARIES = YES;
				BUNDLE_LOADER = "$(TEST_HOST)";
				CODE_SIGN_STYLE = Automatic;
				CURRENT_PROJECT_VERSION = 1;
				DEVELOPMENT_TEAM = TKVMG44U5W;
				GENERATE_INFOPLIST_FILE = YES;
				IPHONEOS_DEPLOYMENT_TARGET = 14.0;
				LD_RUNPATH_SEARCH_PATHS = (
					"$(inherited)",
					"@executable_path/Frameworks",
					"@loader_path/Frameworks",
				);
				MARKETING_VERSION = 1.0;
				PRODUCT_BUNDLE_IDENTIFIER = "dev.shun-k.SvadilfariTests";
				PRODUCT_NAME = "$(TARGET_NAME)";
				SWIFT_EMIT_LOC_STRINGS = NO;
				SWIFT_VERSION = 5.0;
				TARGETED_DEVICE_FAMILY = "1,2";
				TEST_HOST = "$(BUILT_PRODUCTS_DIR)/Svadilfari.app/Svadilfari";
			};
			name = Debug;
		};
		24428E3A26B33E7700B21130 /* Release */ = {
			isa = XCBuildConfiguration;
			buildSettings = {
				ALWAYS_EMBED_SWIFT_STANDARD_LIBRARIES = YES;
				BUNDLE_LOADER = "$(TEST_HOST)";
				CODE_SIGN_STYLE = Automatic;
				CURRENT_PROJECT_VERSION = 1;
				DEVELOPMENT_TEAM = TKVMG44U5W;
				GENERATE_INFOPLIST_FILE = YES;
				IPHONEOS_DEPLOYMENT_TARGET = 14.0;
				LD_RUNPATH_SEARCH_PATHS = (
					"$(inherited)",
					"@executable_path/Frameworks",
					"@loader_path/Frameworks",
				);
				MARKETING_VERSION = 1.0;
				PRODUCT_BUNDLE_IDENTIFIER = "dev.shun-k.SvadilfariTests";
				PRODUCT_NAME = "$(TARGET_NAME)";
				SWIFT_EMIT_LOC_STRINGS = NO;
				SWIFT_VERSION = 5.0;
				TARGETED_DEVICE_FAMILY = "1,2";
				TEST_HOST = "$(BUILT_PRODUCTS_DIR)/Svadilfari.app/Svadilfari";
			};
			name = Release;
		};
		24428E3C26B33E7700B21130 /* Debug */ = {
			isa = XCBuildConfiguration;
			buildSettings = {
				ALWAYS_EMBED_SWIFT_STANDARD_LIBRARIES = YES;
				CODE_SIGN_STYLE = Automatic;
				CURRENT_PROJECT_VERSION = 1;
				DEVELOPMENT_TEAM = TKVMG44U5W;
				GENERATE_INFOPLIST_FILE = YES;
				LD_RUNPATH_SEARCH_PATHS = (
					"$(inherited)",
					"@executable_path/Frameworks",
					"@loader_path/Frameworks",
				);
				MARKETING_VERSION = 1.0;
				PRODUCT_BUNDLE_IDENTIFIER = "dev.shun-k.SvadilfariUITests";
				PRODUCT_NAME = "$(TARGET_NAME)";
				SWIFT_EMIT_LOC_STRINGS = NO;
				SWIFT_VERSION = 5.0;
				TARGETED_DEVICE_FAMILY = "1,2";
				TEST_TARGET_NAME = Svadilfari;
			};
			name = Debug;
		};
		24428E3D26B33E7700B21130 /* Release */ = {
			isa = XCBuildConfiguration;
			buildSettings = {
				ALWAYS_EMBED_SWIFT_STANDARD_LIBRARIES = YES;
				CODE_SIGN_STYLE = Automatic;
				CURRENT_PROJECT_VERSION = 1;
				DEVELOPMENT_TEAM = TKVMG44U5W;
				GENERATE_INFOPLIST_FILE = YES;
				LD_RUNPATH_SEARCH_PATHS = (
					"$(inherited)",
					"@executable_path/Frameworks",
					"@loader_path/Frameworks",
				);
				MARKETING_VERSION = 1.0;
				PRODUCT_BUNDLE_IDENTIFIER = "dev.shun-k.SvadilfariUITests";
				PRODUCT_NAME = "$(TARGET_NAME)";
				SWIFT_EMIT_LOC_STRINGS = NO;
				SWIFT_VERSION = 5.0;
				TARGETED_DEVICE_FAMILY = "1,2";
				TEST_TARGET_NAME = Svadilfari;
			};
			name = Release;
		};
/* End XCBuildConfiguration section */

/* Begin XCConfigurationList section */
		24428E0E26B33E7600B21130 /* Build configuration list for PBXProject "Svadilfari" */ = {
			isa = XCConfigurationList;
			buildConfigurations = (
				24428E3326B33E7700B21130 /* Debug */,
				24428E3426B33E7700B21130 /* Release */,
			);
			defaultConfigurationIsVisible = 0;
			defaultConfigurationName = Release;
		};
		24428E3526B33E7700B21130 /* Build configuration list for PBXNativeTarget "Svadilfari" */ = {
			isa = XCConfigurationList;
			buildConfigurations = (
				24428E3626B33E7700B21130 /* Debug */,
				24428E3726B33E7700B21130 /* Release */,
			);
			defaultConfigurationIsVisible = 0;
			defaultConfigurationName = Release;
		};
		24428E3826B33E7700B21130 /* Build configuration list for PBXNativeTarget "SvadilfariTests" */ = {
			isa = XCConfigurationList;
			buildConfigurations = (
				24428E3926B33E7700B21130 /* Debug */,
				24428E3A26B33E7700B21130 /* Release */,
			);
			defaultConfigurationIsVisible = 0;
			defaultConfigurationName = Release;
		};
		24428E3B26B33E7700B21130 /* Build configuration list for PBXNativeTarget "SvadilfariUITests" */ = {
			isa = XCConfigurationList;
			buildConfigurations = (
				24428E3C26B33E7700B21130 /* Debug */,
				24428E3D26B33E7700B21130 /* Release */,
			);
			defaultConfigurationIsVisible = 0;
			defaultConfigurationName = Release;
		};
/* End XCConfigurationList section */
	};
	rootObject = 24428E0B26B33E7600B21130 /* Project object */;
}
