# THIS IS AN AUTOGENERATED FILE. DO NOT EDIT THIS FILE DIRECTLY.
# yarn lockfile v1


esbuild@^0.12.17:
  version "0.12.17"
  resolved "https://registry.yarnpkg.com/esbuild/-/esbuild-0.12.17.tgz#5816f905c2905de0ebbc658860df7b5b48afbcd3"
  integrity sha512-GshKJyVYUnlSXIZj/NheC2O0Kblh42CS7P1wJyTbbIHevTG4jYMS9NNw8EOd8dDWD0dzydYHS01MpZoUcQXB4g==

typescript@^4.3.5:
  version "4.3.5"
  resolved "https://registry.yarnpkg.com/typescript/-/typescript-4.3.5.tgz#4d1c37cc16e893973c45a06886b7113234f119f4"
  integrity sha512-DqQgihaQ9cUrskJo9kIyW/+g0Vxsk8cDtZ52a3NGh0YNTfpUSArXSohyUGnvbPazEPLu398C0UxmKSOrPumUzA==

webextension-polyfill-ts@^0.26.0:
  version "0.26.0"
  resolved "https://registry.yarnpkg.com/webextension-polyfill-ts/-/webextension-polyfill-ts-0.26.0.tgz#80b7063ddaf99abaa1ca73aad0cec09f306612d3"
  integrity sha512-XEFL+aYVEsm/d4RajVwP75g56c/w2aSHnPwgtUv8/nCzbLNSzRQIix6aj1xqFkA5yr7OIDkk3OD/QTnPp8ThYA==
  dependencies:
    webextension-polyfill "^0.8.0"

webextension-polyfill@^0.8.0:
  version "0.8.0"
  resolved "https://registry.yarnpkg.com/webextension-polyfill/-/webextension-polyfill-0.8.0.tgz#f80e9f4b7f81820c420abd6ffbebfa838c60e041"
  integrity sha512-a19+DzlT6Kp9/UI+mF9XQopeZ+n2ussjhxHJ4/pmIGge9ijCDz7Gn93mNnjpZAk95T4Tae8iHZ6sSf869txqiQ==
